// !$*UTF8*$!
{
	archiveVersion = 1;
	classes = {
	};
	objectVersion = 46;
	objects = {
		F9E06E0B79CA8838E72DB014 = {
			isa = PBXBuildFile;
			fileRef = B2CFE0785CF60F2D256B45E8;
		};
		B75831FCAB85A4E18E092994 = {
			isa = PBXBuildFile;
			fileRef = EAD4051C0C9C0D510193B227;
		};
		E9BCEE41585BB10F23DB397D = {
			isa = PBXBuildFile;
			fileRef = 3BF085CC9F16562D306B7286;
		};
		560732CA4192C1D5706357CA = {
			isa = PBXBuildFile;
			fileRef = 40A730F6BC92FB16EE429AAF;
		};
		76754A82EE82BA1121944B1B = {
			isa = PBXBuildFile;
			fileRef = B295FD883F51334F5BF63F81;
		};
		88EE12F2F0F40115D33DF362 = {
			isa = PBXBuildFile;
			fileRef = 6CF96761569FAE5E015E7CE4;
		};
		80F665A8472C9088ACE58847 = {
			isa = PBXBuildFile;
			fileRef = BEFA6AB6B3B74FB4D0D171B0;
		};
		9AAF225D4AEFA3D3683EE1A9 = {
			isa = PBXBuildFile;
			fileRef = C8C6F61874A153173C84CDB4;
		};
		00DF489A161F50D612FBFCA9 = {
			isa = PBXBuildFile;
			fileRef = 19BAC27FC8455F73B9E2EB8E;
		};
		8E2A1DAA23F5853C880A87DC = {
			isa = PBXBuildFile;
			fileRef = B605A5A61869F222E51AF6FE;
		};
		A196F5A60C84F23101ED5423 = {
			isa = PBXBuildFile;
			fileRef = 7A8124473D21AFDE74C65908;
		};
		75A02782DDB3AB396F365538 = {
			isa = PBXBuildFile;
			fileRef = 56CDD18DC44CC6CD0202A258;
		};
		5CC45F7EC7F6932E1A4BE1BD = {
			isa = PBXBuildFile;
			fileRef = 0A9F85F920F1089E647F5CE3;
		};
		8FBFCC98ED6548461A189B5F = {
			isa = PBXBuildFile;
			fileRef = A6D4F7EE6770E77B28EB2851;
		};
		8BA4333E9D899B76DE26B268 = {
			isa = PBXBuildFile;
			fileRef = 1FD8A7C883B408877E59EC6A;
		};
		97AD9951C296F9D1D1311F1F = {
			isa = PBXBuildFile;
			fileRef = DA4CF30BB86FBC9056E1B295;
		};
		00FD08ADF099437C3A76831C = {
			isa = PBXBuildFile;
			fileRef = 49B60141D8F57B2B6C7B19B4;
		};
		CB5382881D4F522663AD8A0B = {
			isa = PBXBuildFile;
			fileRef = 13D9981E2525AA8A0DAC7E7D;
		};
		6C42D651BF38122BA9CB7490 = {
			isa = PBXBuildFile;
			fileRef = 584D8189C46B4A7CF7DB38BE;
		};
		2A260C42288B351EB83F2E4D = {
			isa = PBXBuildFile;
			fileRef = 3CB3D4DC5304E8F3F278285E;
		};
		66A97266C13F641E90F7FA04 = {
			isa = PBXBuildFile;
			fileRef = 6ED3086698B59CBA4D7D220F;
		};
		3DA536307F1C9F4A9CC0E041 = {
			isa = PBXBuildFile;
			fileRef = 5B4ACEF99987A0BC9BE8DF69;
		};
		08CAEACF44B99E5916641836 = {
			isa = PBXBuildFile;
			fileRef = 7B39C6B06BEEA89872ECABBB;
		};
		5468C105C16C47A242D40047 = {
			isa = PBXBuildFile;
			fileRef = 8E804EA76BD0C5A148EDC08A;
		};
		286B13C18C7984E56615F3FB = {
			isa = PBXBuildFile;
			fileRef = C1F70777D9478F325218C501;
		};
		A68433ED709CB6E5E03FAC6C = {
			isa = PBXBuildFile;
			fileRef = 8B551326DEEF56C3003E4A86;
		};
		4716CE9F9EA3DBB4443E354C = {
			isa = PBXBuildFile;
			fileRef = B3C0B9A3B98191FCE2C68600;
		};
		371A5085FF1B8329634A75A6 = {
			isa = PBXBuildFile;
			fileRef = FE67B8ADE13376030A748EC7;
		};
		0206D04A0E7CF84ACCECA615 = {
			isa = PBXBuildFile;
			fileRef = F7CC71BFD1890BACA321956E;
		};
		95AD4C5FDE0372524A71FF7A = {
			isa = PBXBuildFile;
			fileRef = 97BA34F3B730C60862EC9AA6;
		};
		22420E560B1EE92DDBEE35A3 = {
			isa = PBXBuildFile;
			fileRef = E19EB08D6105DB64AB584DAF;
		};
		18A39F42D9ED57B6879D3F3F = {
			isa = PBXBuildFile;
			fileRef = F4D3B7AEBE5E6219F0D143B7;
		};
		93AE8B09043519153013AE2E = {
			isa = PBXBuildFile;
			fileRef = 9D95740CC3CEF68492DBF7A8;
		};
		D3277AF9EB58A708515EAAB9 = {
			isa = PBXBuildFile;
			fileRef = E9FBB192ACA7CEC28D541D73;
		};
		8C2DD3823DB63C79E8E5A8B9 = {
			isa = PBXBuildFile;
			fileRef = 053959BDD0E3A6311D23B24B;
		};
		F187CC4D7F1D0EAE95104F75 = {
			isa = PBXBuildFile;
			fileRef = 27D2A32CC907E79AD9B42FEB;
		};
		A8ED8242862C08F94D29558A = {
			isa = PBXBuildFile;
			fileRef = 288E63A127B9CCC6010631BB;
		};
		8C331C7ACC810127F12CEE78 = {
			isa = PBXBuildFile;
			fileRef = 03F0D1C6C4E43B1838E003AE;
		};
		72E41CCA72DC2113CAB58837 = {
			isa = PBXBuildFile;
			fileRef = 1D7B5C70C1114D819491D23E;
		};
		00DCEC249CD33AC8457A4972 = {
			isa = PBXFileReference;
			lastKnownFileType = file;
			name = "juce_events";
			path = "/Users/andrewcapon/Development/JUCE_DEV/modules/juce_events";
			sourceTree = "<absolute>";
		};
		03F0D1C6C4E43B1838E003AE = {
			isa = PBXFileReference;
			lastKnownFileType = sourcecode.cpp.objcpp;
			name = "include_juce_gui_basics.mm";
			path = "../../JuceLibraryCode/include_juce_gui_basics.mm";
			sourceTree = "SOURCE_ROOT";
		};
		053959BDD0E3A6311D23B24B = {
			isa = PBXFileReference;
			lastKnownFileType = sourcecode.cpp.objcpp;
			name = "include_juce_data_structures.mm";
			path = "../../JuceLibraryCode/include_juce_data_structures.mm";
			sourceTree = "SOURCE_ROOT";
		};
		096E9F00D4A1ABB42053CE72 = {
			isa = PBXFileReference;
			lastKnownFileType = text.plist.xml;
			name = "Info-VST3.plist";
			path = "Info-VST3.plist";
			sourceTree = "SOURCE_ROOT";
		};
		0A9F85F920F1089E647F5CE3 = {
			isa = PBXFileReference;
			lastKnownFileType = wrapper.framework;
			name = CoreAudioKit.framework;
			path = System/Library/Frameworks/CoreAudioKit.framework;
			sourceTree = SDKROOT;
		};
		0E159E7F93D41451310E9077 = {
			isa = PBXFileReference;
			lastKnownFileType = sourcecode.c.h;
			name = JucePluginDefines.h;
			path = ../../JuceLibraryCode/JucePluginDefines.h;
			sourceTree = "SOURCE_ROOT";
		};
		0E2DB6649676D9C0162BB325 = {
			isa = PBXFileReference;
			lastKnownFileType = text.plist.xml;
			name = "Info-AU.plist";
			path = "Info-AU.plist";
			sourceTree = "SOURCE_ROOT";
		};
		121C89457CF63C44303CA52B = {
			isa = PBXFileReference;
			lastKnownFileType = text.plist.xml;
			name = "Info-Standalone_Plugin.plist";
			path = "Info-Standalone_Plugin.plist";
			sourceTree = "SOURCE_ROOT";
		};
		13D9981E2525AA8A0DAC7E7D = {
			isa = PBXFileReference;
			lastKnownFileType = wrapper.framework;
			name = WebKit.framework;
			path = System/Library/Frameworks/WebKit.framework;
			sourceTree = SDKROOT;
		};
		16C83878AFC1CD1C2306E817 = {
			isa = PBXFileReference;
			lastKnownFileType = file;
			name = "juce_audio_plugin_client";
			path = "/Users/andrewcapon/Development/JUCE_DEV/modules/juce_audio_plugin_client";
			sourceTree = "<absolute>";
		};
		19BAC27FC8455F73B9E2EB8E = {
			isa = PBXFileReference;
			lastKnownFileType = wrapper.framework;
			name = AVFoundation.framework;
			path = System/Library/Frameworks/AVFoundation.framework;
			sourceTree = SDKROOT;
		};
		1AE9FCDA936B5C7B6BDB2146 = {
			isa = PBXFileReference;
			lastKnownFileType = file;
			name = "juce_gui_extra";
			path = "/Users/andrewcapon/Development/JUCE_DEV/modules/juce_gui_extra";
			sourceTree = "<absolute>";
		};
		1D7B5C70C1114D819491D23E = {
			isa = PBXFileReference;
			lastKnownFileType = sourcecode.cpp.objcpp;
			name = "include_juce_gui_extra.mm";
			path = "../../JuceLibraryCode/include_juce_gui_extra.mm";
			sourceTree = "SOURCE_ROOT";
		};
		1FD8A7C883B408877E59EC6A = {
			isa = PBXFileReference;
			lastKnownFileType = wrapper.framework;
			name = DiscRecording.framework;
			path = System/Library/Frameworks/DiscRecording.framework;
			sourceTree = SDKROOT;
		};
		27D2A32CC907E79AD9B42FEB = {
			isa = PBXFileReference;
			lastKnownFileType = sourcecode.cpp.objcpp;
			name = "include_juce_events.mm";
			path = "../../JuceLibraryCode/include_juce_events.mm";
			sourceTree = "SOURCE_ROOT";
		};
		288E63A127B9CCC6010631BB = {
			isa = PBXFileReference;
			lastKnownFileType = sourcecode.cpp.objcpp;
			name = "include_juce_graphics.mm";
			path = "../../JuceLibraryCode/include_juce_graphics.mm";
			sourceTree = "SOURCE_ROOT";
		};
		29FD6A8733FCDBA8185C76F1 = {
			isa = PBXFileReference;
			lastKnownFileType = file;
			name = "juce_audio_processors";
			path = "/Users/andrewcapon/Development/JUCE_DEV/modules/juce_audio_processors";
			sourceTree = "<absolute>";
		};
		3CB3D4DC5304E8F3F278285E = {
			isa = PBXFileReference;
			lastKnownFileType = sourcecode.cpp.cpp;
			name = Main.cpp;
			path = ../../Source/Main.cpp;
			sourceTree = "SOURCE_ROOT";
		};
		49B60141D8F57B2B6C7B19B4 = {
			isa = PBXFileReference;
			lastKnownFileType = wrapper.framework;
			name = QuartzCore.framework;
			path = System/Library/Frameworks/QuartzCore.framework;
			sourceTree = SDKROOT;
		};
		56CDD18DC44CC6CD0202A258 = {
			isa = PBXFileReference;
			lastKnownFileType = wrapper.framework;
			name = CoreAudio.framework;
			path = System/Library/Frameworks/CoreAudio.framework;
			sourceTree = SDKROOT;
		};
		B2CFE0785CF60F2D256B45E8 = {
			isa = PBXFileReference;
			explicitFileType = wrapper.cfbundle;
			includeInIndex = 0;
			path = AudioPluginDemo.vst3;
			sourceTree = "BUILT_PRODUCTS_DIR";
		};
		EAD4051C0C9C0D510193B227 = {
			isa = PBXFileReference;
			explicitFileType = wrapper.cfbundle;
			includeInIndex = 0;
			path = AudioPluginDemo.component;
			sourceTree = "BUILT_PRODUCTS_DIR";
		};
		3BF085CC9F16562D306B7286 = {
			isa = PBXFileReference;
			explicitFileType = "wrapper.app-extension";
			includeInIndex = 0;
			path = AudioPluginDemo.appex;
			sourceTree = "BUILT_PRODUCTS_DIR";
		};
		40A730F6BC92FB16EE429AAF = {
			isa = PBXFileReference;
			explicitFileType = wrapper.application;
			includeInIndex = 0;
			path = AudioPluginDemo.app;
			sourceTree = "BUILT_PRODUCTS_DIR";
		};
		47F30E7881E3AFD3E8113640 = {
			isa = PBXFileReference;
			lastKnownFileType = text.plist.xml;
			name = "Info-AUv3_AppExtension.plist";
			path = "Info-AUv3_AppExtension.plist";
			sourceTree = "SOURCE_ROOT";
		};
		584D8189C46B4A7CF7DB38BE = {
			isa = PBXFileReference;
			lastKnownFileType = file.nib;
			name = RecentFilesMenuTemplate.nib;
			path = RecentFilesMenuTemplate.nib;
			sourceTree = "SOURCE_ROOT";
		};
		5B4ACEF99987A0BC9BE8DF69 = {
			isa = PBXFileReference;
			lastKnownFileType = sourcecode.cpp.objcpp;
			name = "include_juce_audio_devices.mm";
			path = "../../JuceLibraryCode/include_juce_audio_devices.mm";
			sourceTree = "SOURCE_ROOT";
		};
		6CF96761569FAE5E015E7CE4 = {
			isa = PBXFileReference;
			lastKnownFileType = wrapper.framework;
			name = AudioUnit.framework;
			path = System/Library/Frameworks/AudioUnit.framework;
			sourceTree = SDKROOT;
		};
		6D45723E7BC59C4B4AA956CC = {
			isa = PBXFileReference;
			lastKnownFileType = file;
			name = "juce_gui_basics";
			path = "/Users/andrewcapon/Development/JUCE_DEV/modules/juce_gui_basics";
			sourceTree = "<absolute>";
		};
		6ED3086698B59CBA4D7D220F = {
			isa = PBXFileReference;
			lastKnownFileType = sourcecode.cpp.objcpp;
			name = "include_juce_audio_basics.mm";
			path = "../../JuceLibraryCode/include_juce_audio_basics.mm";
			sourceTree = "SOURCE_ROOT";
		};
		795B8591BD3B7B13A5C35591 = {
			isa = PBXFileReference;
			lastKnownFileType = file;
			name = "juce_audio_formats";
			path = "/Users/andrewcapon/Development/JUCE_DEV/modules/juce_audio_formats";
			sourceTree = "<absolute>";
		};
		7A8124473D21AFDE74C65908 = {
			isa = PBXFileReference;
			lastKnownFileType = wrapper.framework;
			name = Cocoa.framework;
			path = System/Library/Frameworks/Cocoa.framework;
			sourceTree = SDKROOT;
		};
		7B39C6B06BEEA89872ECABBB = {
			isa = PBXFileReference;
			lastKnownFileType = sourcecode.cpp.objcpp;
			name = "include_juce_audio_formats.mm";
			path = "../../JuceLibraryCode/include_juce_audio_formats.mm";
			sourceTree = "SOURCE_ROOT";
		};
		8B551326DEEF56C3003E4A86 = {
			isa = PBXFileReference;
			lastKnownFileType = sourcecode.cpp.objcpp;
			name = "include_juce_audio_plugin_client_AU_2.mm";
			path = "../../JuceLibraryCode/include_juce_audio_plugin_client_AU_2.mm";
			sourceTree = "SOURCE_ROOT";
		};
		8E804EA76BD0C5A148EDC08A = {
			isa = PBXFileReference;
			lastKnownFileType = file.r;
			name = "include_juce_audio_plugin_client_AU.r";
			path = "../../JuceLibraryCode/include_juce_audio_plugin_client_AU.r";
			sourceTree = "SOURCE_ROOT";
		};
		9118D71CC4B0E57F45F5B1A3 = {
			isa = PBXFileReference;
			lastKnownFileType = sourcecode.c.h;
			name = AudioPluginDemo.h;
			path = ../../Source/AudioPluginDemo.h;
			sourceTree = "SOURCE_ROOT";
		};
		97BA34F3B730C60862EC9AA6 = {
			isa = PBXFileReference;
			lastKnownFileType = sourcecode.cpp.objcpp;
			name = "include_juce_audio_plugin_client_VST_utils.mm";
			path = "../../JuceLibraryCode/include_juce_audio_plugin_client_VST_utils.mm";
			sourceTree = "SOURCE_ROOT";
		};
		9D95740CC3CEF68492DBF7A8 = {
			isa = PBXFileReference;
			lastKnownFileType = sourcecode.cpp.objcpp;
			name = "include_juce_audio_utils.mm";
			path = "../../JuceLibraryCode/include_juce_audio_utils.mm";
			sourceTree = "SOURCE_ROOT";
		};
		A6D4F7EE6770E77B28EB2851 = {
			isa = PBXFileReference;
			lastKnownFileType = wrapper.framework;
			name = CoreMIDI.framework;
			path = System/Library/Frameworks/CoreMIDI.framework;
			sourceTree = SDKROOT;
		};
		B295FD883F51334F5BF63F81 = {
			isa = PBXFileReference;
			explicitFileType = archive.ar;
			includeInIndex = 0;
			path = libAudioPluginDemo.a;
			sourceTree = "BUILT_PRODUCTS_DIR";
		};
		B3C0B9A3B98191FCE2C68600 = {
			isa = PBXFileReference;
			lastKnownFileType = sourcecode.cpp.objcpp;
			name = "include_juce_audio_plugin_client_AUv3.mm";
			path = "../../JuceLibraryCode/include_juce_audio_plugin_client_AUv3.mm";
			sourceTree = "SOURCE_ROOT";
		};
		B605A5A61869F222E51AF6FE = {
			isa = PBXFileReference;
			lastKnownFileType = wrapper.framework;
			name = Carbon.framework;
			path = System/Library/Frameworks/Carbon.framework;
			sourceTree = SDKROOT;
		};
		B6CAD17E575398A161BF09BF = {
			isa = PBXFileReference;
			lastKnownFileType = file;
			name = "juce_core";
			path = "/Users/andrewcapon/Development/JUCE_DEV/modules/juce_core";
			sourceTree = "<absolute>";
		};
		B89E7CEBA4CF7B25DEE5EC26 = {
			isa = PBXFileReference;
			lastKnownFileType = text.plist.xml;
			name = "AUv3_AppExtension.entitlements";
			path = "AUv3_AppExtension.entitlements";
			sourceTree = "SOURCE_ROOT";
		};
		BEFA6AB6B3B74FB4D0D171B0 = {
			isa = PBXFileReference;
			lastKnownFileType = wrapper.framework;
			name = Accelerate.framework;
			path = System/Library/Frameworks/Accelerate.framework;
			sourceTree = SDKROOT;
		};
		C1F70777D9478F325218C501 = {
			isa = PBXFileReference;
			lastKnownFileType = sourcecode.cpp.objcpp;
			name = "include_juce_audio_plugin_client_AU_1.mm";
			path = "../../JuceLibraryCode/include_juce_audio_plugin_client_AU_1.mm";
			sourceTree = "SOURCE_ROOT";
		};
		C46EA1F7E9461D7AFB6A5641 = {
			isa = PBXFileReference;
			lastKnownFileType = sourcecode.c.h;
			name = JuceHeader.h;
			path = ../../JuceLibraryCode/JuceHeader.h;
			sourceTree = "SOURCE_ROOT";
		};
		C8C6F61874A153173C84CDB4 = {
			isa = PBXFileReference;
			lastKnownFileType = wrapper.framework;
			name = AudioToolbox.framework;
			path = System/Library/Frameworks/AudioToolbox.framework;
			sourceTree = SDKROOT;
		};
		D84F885BBF20A4611A3FDB86 = {
			isa = PBXFileReference;
			lastKnownFileType = file;
			name = "juce_audio_utils";
			path = "/Users/andrewcapon/Development/JUCE_DEV/modules/juce_audio_utils";
			sourceTree = "<absolute>";
		};
		DA4CF30BB86FBC9056E1B295 = {
			isa = PBXFileReference;
			lastKnownFileType = wrapper.framework;
			name = IOKit.framework;
			path = System/Library/Frameworks/IOKit.framework;
			sourceTree = SDKROOT;
		};
		DF516D8617FFE666E3BDFAC7 = {
			isa = PBXFileReference;
			lastKnownFileType = file;
			name = "juce_graphics";
			path = "/Users/andrewcapon/Development/JUCE_DEV/modules/juce_graphics";
			sourceTree = "<absolute>";
		};
		E19DAF432C86962A78F7611C = {
			isa = PBXFileReference;
			lastKnownFileType = file;
			name = "juce_audio_basics";
			path = "/Users/andrewcapon/Development/JUCE_DEV/modules/juce_audio_basics";
			sourceTree = "<absolute>";
		};
		E19EB08D6105DB64AB584DAF = {
			isa = PBXFileReference;
			lastKnownFileType = sourcecode.cpp.cpp;
			name = "include_juce_audio_plugin_client_VST3.cpp";
			path = "../../JuceLibraryCode/include_juce_audio_plugin_client_VST3.cpp";
			sourceTree = "SOURCE_ROOT";
		};
		E2EFCDEB9913A100C1A04B15 = {
			isa = PBXFileReference;
			lastKnownFileType = file;
			name = "juce_data_structures";
			path = "/Users/andrewcapon/Development/JUCE_DEV/modules/juce_data_structures";
			sourceTree = "<absolute>";
		};
		E9FBB192ACA7CEC28D541D73 = {
			isa = PBXFileReference;
			lastKnownFileType = sourcecode.cpp.objcpp;
			name = "include_juce_core.mm";
			path = "../../JuceLibraryCode/include_juce_core.mm";
			sourceTree = "SOURCE_ROOT";
		};
		F4D3B7AEBE5E6219F0D143B7 = {
			isa = PBXFileReference;
			lastKnownFileType = sourcecode.cpp.objcpp;
			name = "include_juce_audio_processors.mm";
			path = "../../JuceLibraryCode/include_juce_audio_processors.mm";
			sourceTree = "SOURCE_ROOT";
		};
		F7CC71BFD1890BACA321956E = {
			isa = PBXFileReference;
			lastKnownFileType = sourcecode.cpp.cpp;
			name = "include_juce_audio_plugin_client_utils.cpp";
			path = "../../JuceLibraryCode/include_juce_audio_plugin_client_utils.cpp";
			sourceTree = "SOURCE_ROOT";
		};
		FE67B8ADE13376030A748EC7 = {
			isa = PBXFileReference;
			lastKnownFileType = sourcecode.cpp.cpp;
			name = "include_juce_audio_plugin_client_Standalone.cpp";
			path = "../../JuceLibraryCode/include_juce_audio_plugin_client_Standalone.cpp";
			sourceTree = "SOURCE_ROOT";
		};
		FEF0C23A195BE29BB984005C = {
			isa = PBXFileReference;
			lastKnownFileType = file;
			name = "juce_audio_devices";
			path = "/Users/andrewcapon/Development/JUCE_DEV/modules/juce_audio_devices";
			sourceTree = "<absolute>";
		};
		EE619D3F8F581A4FF2E89E9F = {
			isa = PBXGroup;
			children = (
				3CB3D4DC5304E8F3F278285E,
				9118D71CC4B0E57F45F5B1A3,
			);
			name = Source;
			sourceTree = "<group>";
		};
		028CF1CAE3F3717873ACD0D6 = {
			isa = PBXGroup;
			children = (
				EE619D3F8F581A4FF2E89E9F,
			);
			name = AudioPluginDemo;
			sourceTree = "<group>";
		};
		DA9971B178CAEAF698114905 = {
			isa = PBXGroup;
			children = (
				E19DAF432C86962A78F7611C,
				FEF0C23A195BE29BB984005C,
				795B8591BD3B7B13A5C35591,
				16C83878AFC1CD1C2306E817,
				29FD6A8733FCDBA8185C76F1,
				D84F885BBF20A4611A3FDB86,
				B6CAD17E575398A161BF09BF,
				E2EFCDEB9913A100C1A04B15,
				00DCEC249CD33AC8457A4972,
				DF516D8617FFE666E3BDFAC7,
				6D45723E7BC59C4B4AA956CC,
				1AE9FCDA936B5C7B6BDB2146,
			);
			name = "JUCE Modules";
			sourceTree = "<group>";
		};
		D46CC674C1F0E438967AFBD3 = {
			isa = PBXGroup;
			children = (
				6ED3086698B59CBA4D7D220F,
				5B4ACEF99987A0BC9BE8DF69,
				7B39C6B06BEEA89872ECABBB,
				8E804EA76BD0C5A148EDC08A,
				C1F70777D9478F325218C501,
				8B551326DEEF56C3003E4A86,
				B3C0B9A3B98191FCE2C68600,
				FE67B8ADE13376030A748EC7,
				F7CC71BFD1890BACA321956E,
				97BA34F3B730C60862EC9AA6,
				E19EB08D6105DB64AB584DAF,
				F4D3B7AEBE5E6219F0D143B7,
				9D95740CC3CEF68492DBF7A8,
				E9FBB192ACA7CEC28D541D73,
				053959BDD0E3A6311D23B24B,
				27D2A32CC907E79AD9B42FEB,
				288E63A127B9CCC6010631BB,
				03F0D1C6C4E43B1838E003AE,
				1D7B5C70C1114D819491D23E,
				C46EA1F7E9461D7AFB6A5641,
				0E159E7F93D41451310E9077,
			);
			name = "JUCE Library Code";
			sourceTree = "<group>";
		};
		90448EDE80B72D1A78208C05 = {
			isa = PBXGroup;
			children = (
				096E9F00D4A1ABB42053CE72,
				0E2DB6649676D9C0162BB325,
				47F30E7881E3AFD3E8113640,
				121C89457CF63C44303CA52B,
				584D8189C46B4A7CF7DB38BE,
			);
			name = Resources;
			sourceTree = "<group>";
		};
		D21F16D679BADCFBB27C5CDA = {
			isa = PBXGroup;
			children = (
				6CF96761569FAE5E015E7CE4,
				BEFA6AB6B3B74FB4D0D171B0,
				C8C6F61874A153173C84CDB4,
				19BAC27FC8455F73B9E2EB8E,
				B605A5A61869F222E51AF6FE,
				7A8124473D21AFDE74C65908,
				56CDD18DC44CC6CD0202A258,
				0A9F85F920F1089E647F5CE3,
				A6D4F7EE6770E77B28EB2851,
				1FD8A7C883B408877E59EC6A,
				DA4CF30BB86FBC9056E1B295,
				49B60141D8F57B2B6C7B19B4,
				13D9981E2525AA8A0DAC7E7D,
			);
			name = Frameworks;
			sourceTree = "<group>";
		};
		95DA2DFDA2EB7D70A4CB3DEF = {
			isa = PBXGroup;
			children = (
				B2CFE0785CF60F2D256B45E8,
				EAD4051C0C9C0D510193B227,
				3BF085CC9F16562D306B7286,
				40A730F6BC92FB16EE429AAF,
				B295FD883F51334F5BF63F81,
			);
			name = Products;
			sourceTree = "<group>";
		};
		B25B0C445AF6877181F72F38 = {
			isa = PBXGroup;
			children = (
				028CF1CAE3F3717873ACD0D6,
				DA9971B178CAEAF698114905,
				D46CC674C1F0E438967AFBD3,
				90448EDE80B72D1A78208C05,
				D21F16D679BADCFBB27C5CDA,
				95DA2DFDA2EB7D70A4CB3DEF,
			);
			name = Source;
			sourceTree = "<group>";
		};
		4FAFE66C4C6F659FC24660B2 = {
			isa = PBXTargetDependency;
			target = 85722A3DD68B1F5E66EC824E;
		};
		A65F7AFD4A4118EB6511245E = {
			isa = PBXTargetDependency;
			target = 4782253988DE3D9A1B71C955;
		};
		2B3520BF38867D5A0F6A6532 = {
			isa = PBXTargetDependency;
			target = 8B9EB94004CF57EFED1DF566;
		};
		1B95237FD10001A734CB7A26 = {
			isa = PBXTargetDependency;
			target = 96FAB33732783FA221D43897;
		};
		F88060A7B4A2A28159E3313A = {
			isa = PBXTargetDependency;
			target = 9A1E47FAA98DFCD8644F575C;
		};
		DD7957A59293B671D18E57EC = {
			isa = PBXTargetDependency;
			target = 9A1E47FAA98DFCD8644F575C;
		};
		8DB998332B0C090E275326D0 = {
			isa = PBXTargetDependency;
			target = 9A1E47FAA98DFCD8644F575C;
		};
		DF738128B1C40849EE250F5E = {
			isa = PBXTargetDependency;
			target = 9A1E47FAA98DFCD8644F575C;
		};
		BF2EC9A30B9733EB54320F47 = {
			isa = PBXTargetDependency;
			target = 8B9EB94004CF57EFED1DF566;
		};
		1F33A86AF7154C337391EBD1 = {
			isa = PBXTargetDependency;
			target = 9A1E47FAA98DFCD8644F575C;
		};
		0C15DC2B49934B1500A8FED1 = {
			isa = XCBuildConfiguration;
			buildSettings = {
				MACOSX_DEPLOYMENT_TARGET = 10.11;
				SDKROOT = macosx;
			};
			name = Debug;
		};
		91B9C08440360FA75DF3179D = {
			isa = XCBuildConfiguration;
			buildSettings = {
				MACOSX_DEPLOYMENT_TARGET = 10.11;
				SDKROOT = macosx;
			};
			name = Release;
		};
		E589817AC53EC6E452430AD0 = {
			isa = XCBuildConfiguration;
			buildSettings = {
				CLANG_CXX_LANGUAGE_STANDARD = "c++14";
				CLANG_CXX_LIBRARY = "libc++";
				CLANG_LINK_OBJC_RUNTIME = NO;
				CODE_SIGN_IDENTITY = "";
				COMBINE_HIDPI_IMAGES = YES;
				CONFIGURATION_BUILD_DIR = "$(PROJECT_DIR)/build/$(CONFIGURATION)";
				COPY_PHASE_STRIP = NO;
				DEPLOYMENT_LOCATION = YES;
				DSTROOT = /;
				GCC_DYNAMIC_NO_PIC = NO;
				GCC_OPTIMIZATION_LEVEL = 0;
				GCC_PREPROCESSOR_DEFINITIONS = (
					"_DEBUG=1",
					"DEBUG=1",
					"PIP_JUCE_EXAMPLES_DIRECTORY=L0RldmVsb3BtZW50L0pVQ0VfREVWL2V4YW1wbGVz",
					"JUCER_XCODE_MAC_F6D2F4CF=1",
					"JUCE_APP_VERSION=1.0.0",
					"JUCE_APP_VERSION_HEX=0x10000",
					"JucePlugin_Build_VST=0",
					"JucePlugin_Build_VST3=1",
					"JucePlugin_Build_AU=1",
					"JucePlugin_Build_AUv3=1",
					"JucePlugin_Build_RTAS=0",
					"JucePlugin_Build_AAX=0",
					"JucePlugin_Build_Standalone=1",
					"JucePlugin_Build_Unity=0",
					"JUCE_DISPLAY_SPLASH_SCREEN=1",
					"JUCE_USE_DARK_SPLASH_SCREEN=1",
					"JUCE_PROJUCER_VERSION=0x60004",
					"JUCE_MODULE_AVAILABLE_juce_audio_basics=1",
					"JUCE_MODULE_AVAILABLE_juce_audio_devices=1",
					"JUCE_MODULE_AVAILABLE_juce_audio_formats=1",
					"JUCE_MODULE_AVAILABLE_juce_audio_plugin_client=1",
					"JUCE_MODULE_AVAILABLE_juce_audio_processors=1",
					"JUCE_MODULE_AVAILABLE_juce_audio_utils=1",
					"JUCE_MODULE_AVAILABLE_juce_core=1",
					"JUCE_MODULE_AVAILABLE_juce_data_structures=1",
					"JUCE_MODULE_AVAILABLE_juce_events=1",
					"JUCE_MODULE_AVAILABLE_juce_graphics=1",
					"JUCE_MODULE_AVAILABLE_juce_gui_basics=1",
					"JUCE_MODULE_AVAILABLE_juce_gui_extra=1",
					"JUCE_GLOBAL_MODULE_SETTINGS_INCLUDED=1",
					"JUCE_VST3_CAN_REPLACE_VST2=0",
					"JUCE_STRICT_REFCOUNTEDPOINTER=1",
					"JucePlugin_Enable_IAA=0",
					"JucePlugin_Name=\\\"AudioPluginDemo\\\"",
					"JucePlugin_Desc=\\\"AudioPluginDemo\\\"",
					"JucePlugin_Manufacturer=\\\"JUCE\\\"",
					"JucePlugin_ManufacturerWebsite=\\\"http://juce.com\\\"",
					"JucePlugin_ManufacturerEmail=\\\"\\\"",
					"JucePlugin_ManufacturerCode=0x4d616e75",
					"JucePlugin_PluginCode=0x596a6d6b",
					"JucePlugin_IsSynth=1",
					"JucePlugin_WantsMidiInput=1",
					"JucePlugin_ProducesMidiOutput=1",
					"JucePlugin_IsMidiEffect=0",
					"JucePlugin_EditorRequiresKeyboardFocus=1",
					"JucePlugin_Version=1.0.0",
					"JucePlugin_VersionCode=0x10000",
					"JucePlugin_VersionString=\\\"1.0.0\\\"",
					"JucePlugin_VSTUniqueID=JucePlugin_PluginCode",
					"JucePlugin_VSTCategory=kPlugCategSynth",
					"JucePlugin_Vst3Category=\\\"Instrument|Synth\\\"",
					"JucePlugin_AUMainType='aumu'",
					"JucePlugin_AUSubType=JucePlugin_PluginCode",
					"JucePlugin_AUExportPrefix=AudioPluginDemoAU",
					"JucePlugin_AUExportPrefixQuoted=\\\"AudioPluginDemoAU\\\"",
					"JucePlugin_AUManufacturerCode=JucePlugin_ManufacturerCode",
					"JucePlugin_CFBundleIdentifier=com.JUCE.AudioPluginDemo",
					"JucePlugin_RTASCategory=2048",
					"JucePlugin_RTASManufacturerCode=JucePlugin_ManufacturerCode",
					"JucePlugin_RTASProductId=JucePlugin_PluginCode",
					"JucePlugin_RTASDisableBypass=0",
					"JucePlugin_RTASDisableMultiMono=0",
					"JucePlugin_AAXIdentifier=com.JUCE.AudioPluginDemo",
					"JucePlugin_AAXManufacturerCode=JucePlugin_ManufacturerCode",
					"JucePlugin_AAXProductId=JucePlugin_PluginCode",
					"JucePlugin_AAXCategory=2048",
					"JucePlugin_AAXDisableBypass=0",
					"JucePlugin_AAXDisableMultiMono=0",
					"JucePlugin_IAAType=0x61757269",
					"JucePlugin_IAASubType=JucePlugin_PluginCode",
					"JucePlugin_IAAName=\\\"JUCE:\\ AudioPluginDemo\\\"",
					"JucePlugin_VSTNumMidiInputs=16",
					"JucePlugin_VSTNumMidiOutputs=16",
					"JUCE_STANDALONE_APPLICATION=JucePlugin_Build_Standalone",
				);
				GCC_VERSION = com.apple.compilers.llvm.clang.1_0;
				GENERATE_PKGINFO_FILE = YES;
				HEADER_SEARCH_PATHS = (
					"/Users/andrewcapon/Development/JUCE_DEV/modules/juce_audio_processors/format_types/VST3_SDK",
					"../../JuceLibraryCode",
					"/Users/andrewcapon/Development/JUCE_DEV/modules",
					"/Users/andrewcapon/Development/JUCE_DEV/modules/juce_audio_plugin_client",
					"$(inherited)",
				);
				INFOPLIST_FILE = Info-VST3.plist;
				INFOPLIST_PREPROCESS = NO;
				INSTALL_PATH = "$(HOME)/Library/Audio/Plug-Ins/VST3/";
				LIBRARY_STYLE = Bundle;
				MACOSX_DEPLOYMENT_TARGET = 10.11;
				MTL_HEADER_SEARCH_PATHS = (
					"/Users/andrewcapon/Development/JUCE_DEV/modules/juce_audio_processors/format_types/VST3_SDK",
					"../../JuceLibraryCode",
					"/Users/andrewcapon/Development/JUCE_DEV/modules",
					"/Users/andrewcapon/Development/JUCE_DEV/modules/juce_audio_plugin_client",
				);
				OTHER_LDFLAGS = "-bundle -lAudioPluginDemo";
				PRODUCT_BUNDLE_IDENTIFIER = com.JUCE.AudioPluginDemo;
				PRODUCT_NAME = "AudioPluginDemo";
				USE_HEADERMAP = NO;
				VALID_ARCHS = "i386 x86_64 arm64 arm64e";
				WRAPPER_EXTENSION = vst3;
			};
			name = Debug;
		};
		872EF17B53E98BC3343EF1C7 = {
			isa = XCBuildConfiguration;
			buildSettings = {
				CLANG_CXX_LANGUAGE_STANDARD = "c++14";
				CLANG_CXX_LIBRARY = "libc++";
				CLANG_LINK_OBJC_RUNTIME = NO;
				CODE_SIGN_IDENTITY = "";
				COMBINE_HIDPI_IMAGES = YES;
				CONFIGURATION_BUILD_DIR = "$(PROJECT_DIR)/build/$(CONFIGURATION)";
				DEAD_CODE_STRIPPING = YES;
				DEPLOYMENT_LOCATION = YES;
				DSTROOT = /;
				GCC_GENERATE_DEBUGGING_SYMBOLS = NO;
				GCC_OPTIMIZATION_LEVEL = 3;
				GCC_PREPROCESSOR_DEFINITIONS = (
					"_NDEBUG=1",
					"NDEBUG=1",
					"PIP_JUCE_EXAMPLES_DIRECTORY=L0RldmVsb3BtZW50L0pVQ0VfREVWL2V4YW1wbGVz",
					"JUCER_XCODE_MAC_F6D2F4CF=1",
					"JUCE_APP_VERSION=1.0.0",
					"JUCE_APP_VERSION_HEX=0x10000",
					"JucePlugin_Build_VST=0",
					"JucePlugin_Build_VST3=1",
					"JucePlugin_Build_AU=1",
					"JucePlugin_Build_AUv3=1",
					"JucePlugin_Build_RTAS=0",
					"JucePlugin_Build_AAX=0",
					"JucePlugin_Build_Standalone=1",
					"JucePlugin_Build_Unity=0",
					"JUCE_DISPLAY_SPLASH_SCREEN=1",
					"JUCE_USE_DARK_SPLASH_SCREEN=1",
					"JUCE_PROJUCER_VERSION=0x60004",
					"JUCE_MODULE_AVAILABLE_juce_audio_basics=1",
					"JUCE_MODULE_AVAILABLE_juce_audio_devices=1",
					"JUCE_MODULE_AVAILABLE_juce_audio_formats=1",
					"JUCE_MODULE_AVAILABLE_juce_audio_plugin_client=1",
					"JUCE_MODULE_AVAILABLE_juce_audio_processors=1",
					"JUCE_MODULE_AVAILABLE_juce_audio_utils=1",
					"JUCE_MODULE_AVAILABLE_juce_core=1",
					"JUCE_MODULE_AVAILABLE_juce_data_structures=1",
					"JUCE_MODULE_AVAILABLE_juce_events=1",
					"JUCE_MODULE_AVAILABLE_juce_graphics=1",
					"JUCE_MODULE_AVAILABLE_juce_gui_basics=1",
					"JUCE_MODULE_AVAILABLE_juce_gui_extra=1",
					"JUCE_GLOBAL_MODULE_SETTINGS_INCLUDED=1",
					"JUCE_VST3_CAN_REPLACE_VST2=0",
					"JUCE_STRICT_REFCOUNTEDPOINTER=1",
					"JucePlugin_Enable_IAA=0",
					"JucePlugin_Name=\\\"AudioPluginDemo\\\"",
					"JucePlugin_Desc=\\\"AudioPluginDemo\\\"",
					"JucePlugin_Manufacturer=\\\"JUCE\\\"",
					"JucePlugin_ManufacturerWebsite=\\\"http://juce.com\\\"",
					"JucePlugin_ManufacturerEmail=\\\"\\\"",
					"JucePlugin_ManufacturerCode=0x4d616e75",
					"JucePlugin_PluginCode=0x596a6d6b",
					"JucePlugin_IsSynth=1",
					"JucePlugin_WantsMidiInput=1",
					"JucePlugin_ProducesMidiOutput=1",
					"JucePlugin_IsMidiEffect=0",
					"JucePlugin_EditorRequiresKeyboardFocus=1",
					"JucePlugin_Version=1.0.0",
					"JucePlugin_VersionCode=0x10000",
					"JucePlugin_VersionString=\\\"1.0.0\\\"",
					"JucePlugin_VSTUniqueID=JucePlugin_PluginCode",
					"JucePlugin_VSTCategory=kPlugCategSynth",
					"JucePlugin_Vst3Category=\\\"Instrument|Synth\\\"",
					"JucePlugin_AUMainType='aumu'",
					"JucePlugin_AUSubType=JucePlugin_PluginCode",
					"JucePlugin_AUExportPrefix=AudioPluginDemoAU",
					"JucePlugin_AUExportPrefixQuoted=\\\"AudioPluginDemoAU\\\"",
					"JucePlugin_AUManufacturerCode=JucePlugin_ManufacturerCode",
					"JucePlugin_CFBundleIdentifier=com.JUCE.AudioPluginDemo",
					"JucePlugin_RTASCategory=2048",
					"JucePlugin_RTASManufacturerCode=JucePlugin_ManufacturerCode",
					"JucePlugin_RTASProductId=JucePlugin_PluginCode",
					"JucePlugin_RTASDisableBypass=0",
					"JucePlugin_RTASDisableMultiMono=0",
					"JucePlugin_AAXIdentifier=com.JUCE.AudioPluginDemo",
					"JucePlugin_AAXManufacturerCode=JucePlugin_ManufacturerCode",
					"JucePlugin_AAXProductId=JucePlugin_PluginCode",
					"JucePlugin_AAXCategory=2048",
					"JucePlugin_AAXDisableBypass=0",
					"JucePlugin_AAXDisableMultiMono=0",
					"JucePlugin_IAAType=0x61757269",
					"JucePlugin_IAASubType=JucePlugin_PluginCode",
					"JucePlugin_IAAName=\\\"JUCE:\\ AudioPluginDemo\\\"",
					"JucePlugin_VSTNumMidiInputs=16",
					"JucePlugin_VSTNumMidiOutputs=16",
					"JUCE_STANDALONE_APPLICATION=JucePlugin_Build_Standalone",
				);
				GCC_VERSION = com.apple.compilers.llvm.clang.1_0;
				GENERATE_PKGINFO_FILE = YES;
				HEADER_SEARCH_PATHS = (
					"/Users/andrewcapon/Development/JUCE_DEV/modules/juce_audio_processors/format_types/VST3_SDK",
					"../../JuceLibraryCode",
					"/Users/andrewcapon/Development/JUCE_DEV/modules",
					"/Users/andrewcapon/Development/JUCE_DEV/modules/juce_audio_plugin_client",
					"$(inherited)",
				);
				INFOPLIST_FILE = Info-VST3.plist;
				INFOPLIST_PREPROCESS = NO;
				INSTALL_PATH = "$(HOME)/Library/Audio/Plug-Ins/VST3/";
				LIBRARY_STYLE = Bundle;
				LLVM_LTO = YES;
				MACOSX_DEPLOYMENT_TARGET = 10.11;
				MTL_HEADER_SEARCH_PATHS = (
					"/Users/andrewcapon/Development/JUCE_DEV/modules/juce_audio_processors/format_types/VST3_SDK",
					"../../JuceLibraryCode",
					"/Users/andrewcapon/Development/JUCE_DEV/modules",
					"/Users/andrewcapon/Development/JUCE_DEV/modules/juce_audio_plugin_client",
				);
				OTHER_LDFLAGS = "-bundle -lAudioPluginDemo";
				PRODUCT_BUNDLE_IDENTIFIER = com.JUCE.AudioPluginDemo;
				PRODUCT_NAME = "AudioPluginDemo";
				USE_HEADERMAP = NO;
				VALID_ARCHS = "i386 x86_64 arm64 arm64e";
				WRAPPER_EXTENSION = vst3;
			};
			name = Release;
		};
		02B5E0D7853A7A01978154F3 = {
			isa = XCBuildConfiguration;
			buildSettings = {
				CLANG_CXX_LANGUAGE_STANDARD = "c++14";
				CLANG_CXX_LIBRARY = "libc++";
				CLANG_LINK_OBJC_RUNTIME = NO;
				CODE_SIGN_IDENTITY = "";
				COMBINE_HIDPI_IMAGES = YES;
				CONFIGURATION_BUILD_DIR = "$(PROJECT_DIR)/build/$(CONFIGURATION)";
				COPY_PHASE_STRIP = NO;
				DEPLOYMENT_LOCATION = YES;
				DSTROOT = /;
				GCC_DYNAMIC_NO_PIC = NO;
				GCC_OPTIMIZATION_LEVEL = 0;
				GCC_PREPROCESSOR_DEFINITIONS = (
					"_DEBUG=1",
					"DEBUG=1",
					"PIP_JUCE_EXAMPLES_DIRECTORY=L0RldmVsb3BtZW50L0pVQ0VfREVWL2V4YW1wbGVz",
					"JUCER_XCODE_MAC_F6D2F4CF=1",
					"JUCE_APP_VERSION=1.0.0",
					"JUCE_APP_VERSION_HEX=0x10000",
					"JucePlugin_Build_VST=0",
					"JucePlugin_Build_VST3=1",
					"JucePlugin_Build_AU=1",
					"JucePlugin_Build_AUv3=1",
					"JucePlugin_Build_RTAS=0",
					"JucePlugin_Build_AAX=0",
					"JucePlugin_Build_Standalone=1",
					"JucePlugin_Build_Unity=0",
					"JUCE_DISPLAY_SPLASH_SCREEN=1",
					"JUCE_USE_DARK_SPLASH_SCREEN=1",
					"JUCE_PROJUCER_VERSION=0x60004",
					"JUCE_MODULE_AVAILABLE_juce_audio_basics=1",
					"JUCE_MODULE_AVAILABLE_juce_audio_devices=1",
					"JUCE_MODULE_AVAILABLE_juce_audio_formats=1",
					"JUCE_MODULE_AVAILABLE_juce_audio_plugin_client=1",
					"JUCE_MODULE_AVAILABLE_juce_audio_processors=1",
					"JUCE_MODULE_AVAILABLE_juce_audio_utils=1",
					"JUCE_MODULE_AVAILABLE_juce_core=1",
					"JUCE_MODULE_AVAILABLE_juce_data_structures=1",
					"JUCE_MODULE_AVAILABLE_juce_events=1",
					"JUCE_MODULE_AVAILABLE_juce_graphics=1",
					"JUCE_MODULE_AVAILABLE_juce_gui_basics=1",
					"JUCE_MODULE_AVAILABLE_juce_gui_extra=1",
					"JUCE_GLOBAL_MODULE_SETTINGS_INCLUDED=1",
					"JUCE_VST3_CAN_REPLACE_VST2=0",
					"JUCE_STRICT_REFCOUNTEDPOINTER=1",
					"JucePlugin_Enable_IAA=0",
					"JucePlugin_Name=\\\"AudioPluginDemo\\\"",
					"JucePlugin_Desc=\\\"AudioPluginDemo\\\"",
					"JucePlugin_Manufacturer=\\\"JUCE\\\"",
					"JucePlugin_ManufacturerWebsite=\\\"http://juce.com\\\"",
					"JucePlugin_ManufacturerEmail=\\\"\\\"",
					"JucePlugin_ManufacturerCode=0x4d616e75",
					"JucePlugin_PluginCode=0x596a6d6b",
					"JucePlugin_IsSynth=1",
					"JucePlugin_WantsMidiInput=1",
					"JucePlugin_ProducesMidiOutput=1",
					"JucePlugin_IsMidiEffect=0",
					"JucePlugin_EditorRequiresKeyboardFocus=1",
					"JucePlugin_Version=1.0.0",
					"JucePlugin_VersionCode=0x10000",
					"JucePlugin_VersionString=\\\"1.0.0\\\"",
					"JucePlugin_VSTUniqueID=JucePlugin_PluginCode",
					"JucePlugin_VSTCategory=kPlugCategSynth",
					"JucePlugin_Vst3Category=\\\"Instrument|Synth\\\"",
					"JucePlugin_AUMainType='aumu'",
					"JucePlugin_AUSubType=JucePlugin_PluginCode",
					"JucePlugin_AUExportPrefix=AudioPluginDemoAU",
					"JucePlugin_AUExportPrefixQuoted=\\\"AudioPluginDemoAU\\\"",
					"JucePlugin_AUManufacturerCode=JucePlugin_ManufacturerCode",
					"JucePlugin_CFBundleIdentifier=com.JUCE.AudioPluginDemo",
					"JucePlugin_RTASCategory=2048",
					"JucePlugin_RTASManufacturerCode=JucePlugin_ManufacturerCode",
					"JucePlugin_RTASProductId=JucePlugin_PluginCode",
					"JucePlugin_RTASDisableBypass=0",
					"JucePlugin_RTASDisableMultiMono=0",
					"JucePlugin_AAXIdentifier=com.JUCE.AudioPluginDemo",
					"JucePlugin_AAXManufacturerCode=JucePlugin_ManufacturerCode",
					"JucePlugin_AAXProductId=JucePlugin_PluginCode",
					"JucePlugin_AAXCategory=2048",
					"JucePlugin_AAXDisableBypass=0",
					"JucePlugin_AAXDisableMultiMono=0",
					"JucePlugin_IAAType=0x61757269",
					"JucePlugin_IAASubType=JucePlugin_PluginCode",
					"JucePlugin_IAAName=\\\"JUCE:\\ AudioPluginDemo\\\"",
					"JucePlugin_VSTNumMidiInputs=16",
					"JucePlugin_VSTNumMidiOutputs=16",
					"JUCE_STANDALONE_APPLICATION=JucePlugin_Build_Standalone",
				);
				GCC_VERSION = com.apple.compilers.llvm.clang.1_0;
				GENERATE_PKGINFO_FILE = YES;
				HEADER_SEARCH_PATHS = (
					"/Users/andrewcapon/Development/JUCE_DEV/modules/juce_audio_processors/format_types/VST3_SDK",
					"../../JuceLibraryCode",
					"/Users/andrewcapon/Development/JUCE_DEV/modules",
					"/Users/andrewcapon/Development/JUCE_DEV/modules/juce_audio_plugin_client",
					"$(inherited)",
				);
				INFOPLIST_FILE = Info-AU.plist;
				INFOPLIST_PREPROCESS = NO;
				INSTALL_PATH = "$(HOME)/Library/Audio/Plug-Ins/Components/";
				LIBRARY_STYLE = Bundle;
				MACOSX_DEPLOYMENT_TARGET = 10.11;
				MTL_HEADER_SEARCH_PATHS = (
					"/Users/andrewcapon/Development/JUCE_DEV/modules/juce_audio_processors/format_types/VST3_SDK",
					"../../JuceLibraryCode",
					"/Users/andrewcapon/Development/JUCE_DEV/modules",
					"/Users/andrewcapon/Development/JUCE_DEV/modules/juce_audio_plugin_client",
				);
				OTHER_LDFLAGS = "-bundle -lAudioPluginDemo";
				OTHER_REZFLAGS = "-d ppc_$ppc -d i386_$i386 -d ppc64_$ppc64 -d x86_64_$x86_64 -I /System/Library/Frameworks/CoreServices.framework/Frameworks/CarbonCore.framework/Versions/A/Headers -I \"$(DEVELOPER_DIR)/Extras/CoreAudio/AudioUnits/AUPublic/AUBase\" -I \"$(DEVELOPER_DIR)/Platforms/MacOSX.platform/Developer/SDKs/MacOSX.sdk/System/Library/Frameworks/AudioUnit.framework/Headers\"";
				PRODUCT_BUNDLE_IDENTIFIER = com.JUCE.AudioPluginDemo;
				PRODUCT_NAME = "AudioPluginDemo";
				USE_HEADERMAP = NO;
				VALID_ARCHS = "i386 x86_64 arm64 arm64e";
				WRAPPER_EXTENSION = component;
			};
			name = Debug;
		};
		9DCE49D5023541A35FB791FD = {
			isa = XCBuildConfiguration;
			buildSettings = {
				CLANG_CXX_LANGUAGE_STANDARD = "c++14";
				CLANG_CXX_LIBRARY = "libc++";
				CLANG_LINK_OBJC_RUNTIME = NO;
				CODE_SIGN_IDENTITY = "";
				COMBINE_HIDPI_IMAGES = YES;
				CONFIGURATION_BUILD_DIR = "$(PROJECT_DIR)/build/$(CONFIGURATION)";
				DEAD_CODE_STRIPPING = YES;
				DEPLOYMENT_LOCATION = YES;
				DSTROOT = /;
				GCC_GENERATE_DEBUGGING_SYMBOLS = NO;
				GCC_OPTIMIZATION_LEVEL = 3;
				GCC_PREPROCESSOR_DEFINITIONS = (
					"_NDEBUG=1",
					"NDEBUG=1",
					"PIP_JUCE_EXAMPLES_DIRECTORY=L0RldmVsb3BtZW50L0pVQ0VfREVWL2V4YW1wbGVz",
					"JUCER_XCODE_MAC_F6D2F4CF=1",
					"JUCE_APP_VERSION=1.0.0",
					"JUCE_APP_VERSION_HEX=0x10000",
					"JucePlugin_Build_VST=0",
					"JucePlugin_Build_VST3=1",
					"JucePlugin_Build_AU=1",
					"JucePlugin_Build_AUv3=1",
					"JucePlugin_Build_RTAS=0",
					"JucePlugin_Build_AAX=0",
					"JucePlugin_Build_Standalone=1",
					"JucePlugin_Build_Unity=0",
					"JUCE_DISPLAY_SPLASH_SCREEN=1",
					"JUCE_USE_DARK_SPLASH_SCREEN=1",
					"JUCE_PROJUCER_VERSION=0x60004",
					"JUCE_MODULE_AVAILABLE_juce_audio_basics=1",
					"JUCE_MODULE_AVAILABLE_juce_audio_devices=1",
					"JUCE_MODULE_AVAILABLE_juce_audio_formats=1",
					"JUCE_MODULE_AVAILABLE_juce_audio_plugin_client=1",
					"JUCE_MODULE_AVAILABLE_juce_audio_processors=1",
					"JUCE_MODULE_AVAILABLE_juce_audio_utils=1",
					"JUCE_MODULE_AVAILABLE_juce_core=1",
					"JUCE_MODULE_AVAILABLE_juce_data_structures=1",
					"JUCE_MODULE_AVAILABLE_juce_events=1",
					"JUCE_MODULE_AVAILABLE_juce_graphics=1",
					"JUCE_MODULE_AVAILABLE_juce_gui_basics=1",
					"JUCE_MODULE_AVAILABLE_juce_gui_extra=1",
					"JUCE_GLOBAL_MODULE_SETTINGS_INCLUDED=1",
					"JUCE_VST3_CAN_REPLACE_VST2=0",
					"JUCE_STRICT_REFCOUNTEDPOINTER=1",
					"JucePlugin_Enable_IAA=0",
					"JucePlugin_Name=\\\"AudioPluginDemo\\\"",
					"JucePlugin_Desc=\\\"AudioPluginDemo\\\"",
					"JucePlugin_Manufacturer=\\\"JUCE\\\"",
					"JucePlugin_ManufacturerWebsite=\\\"http://juce.com\\\"",
					"JucePlugin_ManufacturerEmail=\\\"\\\"",
					"JucePlugin_ManufacturerCode=0x4d616e75",
					"JucePlugin_PluginCode=0x596a6d6b",
					"JucePlugin_IsSynth=1",
					"JucePlugin_WantsMidiInput=1",
					"JucePlugin_ProducesMidiOutput=1",
					"JucePlugin_IsMidiEffect=0",
					"JucePlugin_EditorRequiresKeyboardFocus=1",
					"JucePlugin_Version=1.0.0",
					"JucePlugin_VersionCode=0x10000",
					"JucePlugin_VersionString=\\\"1.0.0\\\"",
					"JucePlugin_VSTUniqueID=JucePlugin_PluginCode",
					"JucePlugin_VSTCategory=kPlugCategSynth",
					"JucePlugin_Vst3Category=\\\"Instrument|Synth\\\"",
					"JucePlugin_AUMainType='aumu'",
					"JucePlugin_AUSubType=JucePlugin_PluginCode",
					"JucePlugin_AUExportPrefix=AudioPluginDemoAU",
					"JucePlugin_AUExportPrefixQuoted=\\\"AudioPluginDemoAU\\\"",
					"JucePlugin_AUManufacturerCode=JucePlugin_ManufacturerCode",
					"JucePlugin_CFBundleIdentifier=com.JUCE.AudioPluginDemo",
					"JucePlugin_RTASCategory=2048",
					"JucePlugin_RTASManufacturerCode=JucePlugin_ManufacturerCode",
					"JucePlugin_RTASProductId=JucePlugin_PluginCode",
					"JucePlugin_RTASDisableBypass=0",
					"JucePlugin_RTASDisableMultiMono=0",
					"JucePlugin_AAXIdentifier=com.JUCE.AudioPluginDemo",
					"JucePlugin_AAXManufacturerCode=JucePlugin_ManufacturerCode",
					"JucePlugin_AAXProductId=JucePlugin_PluginCode",
					"JucePlugin_AAXCategory=2048",
					"JucePlugin_AAXDisableBypass=0",
					"JucePlugin_AAXDisableMultiMono=0",
					"JucePlugin_IAAType=0x61757269",
					"JucePlugin_IAASubType=JucePlugin_PluginCode",
					"JucePlugin_IAAName=\\\"JUCE:\\ AudioPluginDemo\\\"",
					"JucePlugin_VSTNumMidiInputs=16",
					"JucePlugin_VSTNumMidiOutputs=16",
					"JUCE_STANDALONE_APPLICATION=JucePlugin_Build_Standalone",
				);
				GCC_VERSION = com.apple.compilers.llvm.clang.1_0;
				GENERATE_PKGINFO_FILE = YES;
				HEADER_SEARCH_PATHS = (
					"/Users/andrewcapon/Development/JUCE_DEV/modules/juce_audio_processors/format_types/VST3_SDK",
					"../../JuceLibraryCode",
					"/Users/andrewcapon/Development/JUCE_DEV/modules",
					"/Users/andrewcapon/Development/JUCE_DEV/modules/juce_audio_plugin_client",
					"$(inherited)",
				);
				INFOPLIST_FILE = Info-AU.plist;
				INFOPLIST_PREPROCESS = NO;
				INSTALL_PATH = "$(HOME)/Library/Audio/Plug-Ins/Components/";
				LIBRARY_STYLE = Bundle;
				LLVM_LTO = YES;
				MACOSX_DEPLOYMENT_TARGET = 10.11;
				MTL_HEADER_SEARCH_PATHS = (
					"/Users/andrewcapon/Development/JUCE_DEV/modules/juce_audio_processors/format_types/VST3_SDK",
					"../../JuceLibraryCode",
					"/Users/andrewcapon/Development/JUCE_DEV/modules",
					"/Users/andrewcapon/Development/JUCE_DEV/modules/juce_audio_plugin_client",
				);
				OTHER_LDFLAGS = "-bundle -lAudioPluginDemo";
				OTHER_REZFLAGS = "-d ppc_$ppc -d i386_$i386 -d ppc64_$ppc64 -d x86_64_$x86_64 -I /System/Library/Frameworks/CoreServices.framework/Frameworks/CarbonCore.framework/Versions/A/Headers -I \"$(DEVELOPER_DIR)/Extras/CoreAudio/AudioUnits/AUPublic/AUBase\" -I \"$(DEVELOPER_DIR)/Platforms/MacOSX.platform/Developer/SDKs/MacOSX.sdk/System/Library/Frameworks/AudioUnit.framework/Headers\"";
				PRODUCT_BUNDLE_IDENTIFIER = com.JUCE.AudioPluginDemo;
				PRODUCT_NAME = "AudioPluginDemo";
				USE_HEADERMAP = NO;
				VALID_ARCHS = "i386 x86_64 arm64 arm64e";
				WRAPPER_EXTENSION = component;
			};
			name = Release;
		};
		A329BDAAD5EE35816EC3DE8F = {
			isa = XCBuildConfiguration;
			buildSettings = {
				ARCHS = "$(ARCHS_STANDARD_64_BIT)";
				CLANG_CXX_LANGUAGE_STANDARD = "c++14";
				CLANG_CXX_LIBRARY = "libc++";
				CLANG_LINK_OBJC_RUNTIME = NO;
				CODE_SIGN_ENTITLEMENTS = "AUv3_AppExtension.entitlements";
				CODE_SIGN_IDENTITY = "";
				COMBINE_HIDPI_IMAGES = YES;
				CONFIGURATION_BUILD_DIR = "$(PROJECT_DIR)/build/$(CONFIGURATION)";
				COPY_PHASE_STRIP = NO;
				GCC_DYNAMIC_NO_PIC = NO;
				GCC_OPTIMIZATION_LEVEL = 0;
				GCC_PREPROCESSOR_DEFINITIONS = (
					"_DEBUG=1",
					"DEBUG=1",
					"PIP_JUCE_EXAMPLES_DIRECTORY=L0RldmVsb3BtZW50L0pVQ0VfREVWL2V4YW1wbGVz",
					"JUCER_XCODE_MAC_F6D2F4CF=1",
					"JUCE_APP_VERSION=1.0.0",
					"JUCE_APP_VERSION_HEX=0x10000",
					"JucePlugin_Build_VST=0",
					"JucePlugin_Build_VST3=1",
					"JucePlugin_Build_AU=1",
					"JucePlugin_Build_AUv3=1",
					"JucePlugin_Build_RTAS=0",
					"JucePlugin_Build_AAX=0",
					"JucePlugin_Build_Standalone=1",
					"JucePlugin_Build_Unity=0",
					"JUCE_DISPLAY_SPLASH_SCREEN=1",
					"JUCE_USE_DARK_SPLASH_SCREEN=1",
					"JUCE_PROJUCER_VERSION=0x60004",
					"JUCE_MODULE_AVAILABLE_juce_audio_basics=1",
					"JUCE_MODULE_AVAILABLE_juce_audio_devices=1",
					"JUCE_MODULE_AVAILABLE_juce_audio_formats=1",
					"JUCE_MODULE_AVAILABLE_juce_audio_plugin_client=1",
					"JUCE_MODULE_AVAILABLE_juce_audio_processors=1",
					"JUCE_MODULE_AVAILABLE_juce_audio_utils=1",
					"JUCE_MODULE_AVAILABLE_juce_core=1",
					"JUCE_MODULE_AVAILABLE_juce_data_structures=1",
					"JUCE_MODULE_AVAILABLE_juce_events=1",
					"JUCE_MODULE_AVAILABLE_juce_graphics=1",
					"JUCE_MODULE_AVAILABLE_juce_gui_basics=1",
					"JUCE_MODULE_AVAILABLE_juce_gui_extra=1",
					"JUCE_GLOBAL_MODULE_SETTINGS_INCLUDED=1",
					"JUCE_VST3_CAN_REPLACE_VST2=0",
					"JUCE_STRICT_REFCOUNTEDPOINTER=1",
					"JucePlugin_Enable_IAA=0",
					"JucePlugin_Name=\\\"AudioPluginDemo\\\"",
					"JucePlugin_Desc=\\\"AudioPluginDemo\\\"",
					"JucePlugin_Manufacturer=\\\"JUCE\\\"",
					"JucePlugin_ManufacturerWebsite=\\\"http://juce.com\\\"",
					"JucePlugin_ManufacturerEmail=\\\"\\\"",
					"JucePlugin_ManufacturerCode=0x4d616e75",
					"JucePlugin_PluginCode=0x596a6d6b",
					"JucePlugin_IsSynth=1",
					"JucePlugin_WantsMidiInput=1",
					"JucePlugin_ProducesMidiOutput=1",
					"JucePlugin_IsMidiEffect=0",
					"JucePlugin_EditorRequiresKeyboardFocus=1",
					"JucePlugin_Version=1.0.0",
					"JucePlugin_VersionCode=0x10000",
					"JucePlugin_VersionString=\\\"1.0.0\\\"",
					"JucePlugin_VSTUniqueID=JucePlugin_PluginCode",
					"JucePlugin_VSTCategory=kPlugCategSynth",
					"JucePlugin_Vst3Category=\\\"Instrument|Synth\\\"",
					"JucePlugin_AUMainType='aumu'",
					"JucePlugin_AUSubType=JucePlugin_PluginCode",
					"JucePlugin_AUExportPrefix=AudioPluginDemoAU",
					"JucePlugin_AUExportPrefixQuoted=\\\"AudioPluginDemoAU\\\"",
					"JucePlugin_AUManufacturerCode=JucePlugin_ManufacturerCode",
					"JucePlugin_CFBundleIdentifier=com.JUCE.AudioPluginDemo",
					"JucePlugin_RTASCategory=2048",
					"JucePlugin_RTASManufacturerCode=JucePlugin_ManufacturerCode",
					"JucePlugin_RTASProductId=JucePlugin_PluginCode",
					"JucePlugin_RTASDisableBypass=0",
					"JucePlugin_RTASDisableMultiMono=0",
					"JucePlugin_AAXIdentifier=com.JUCE.AudioPluginDemo",
					"JucePlugin_AAXManufacturerCode=JucePlugin_ManufacturerCode",
					"JucePlugin_AAXProductId=JucePlugin_PluginCode",
					"JucePlugin_AAXCategory=2048",
					"JucePlugin_AAXDisableBypass=0",
					"JucePlugin_AAXDisableMultiMono=0",
					"JucePlugin_IAAType=0x61757269",
					"JucePlugin_IAASubType=JucePlugin_PluginCode",
					"JucePlugin_IAAName=\\\"JUCE:\\ AudioPluginDemo\\\"",
					"JucePlugin_VSTNumMidiInputs=16",
					"JucePlugin_VSTNumMidiOutputs=16",
					"JUCE_STANDALONE_APPLICATION=JucePlugin_Build_Standalone",
				);
				GCC_VERSION = com.apple.compilers.llvm.clang.1_0;
				HEADER_SEARCH_PATHS = (
					"/Users/andrewcapon/Development/JUCE_DEV/modules/juce_audio_processors/format_types/VST3_SDK",
					"../../JuceLibraryCode",
					"/Users/andrewcapon/Development/JUCE_DEV/modules",
					"/Users/andrewcapon/Development/JUCE_DEV/modules/juce_audio_plugin_client",
					"$(inherited)",
				);
				INFOPLIST_FILE = Info-AUv3_AppExtension.plist;
				INFOPLIST_PREPROCESS = NO;
				MACOSX_DEPLOYMENT_TARGET = 10.11;
				MTL_HEADER_SEARCH_PATHS = (
					"/Users/andrewcapon/Development/JUCE_DEV/modules/juce_audio_processors/format_types/VST3_SDK",
					"../../JuceLibraryCode",
					"/Users/andrewcapon/Development/JUCE_DEV/modules",
					"/Users/andrewcapon/Development/JUCE_DEV/modules/juce_audio_plugin_client",
				);
				OTHER_LDFLAGS = "-lAudioPluginDemo";
				PRODUCT_BUNDLE_IDENTIFIER = com.JUCE.AudioPluginDemo.AudioPluginDemoAUv3;
				PRODUCT_NAME = "AudioPluginDemo";
				USE_HEADERMAP = NO;
				VALID_ARCHS = "i386 x86_64 arm64 arm64e";
			};
			name = Debug;
		};
		37D3FA99FDB413708E4DFE54 = {
			isa = XCBuildConfiguration;
			buildSettings = {
				ARCHS = "$(ARCHS_STANDARD_64_BIT)";
				CLANG_CXX_LANGUAGE_STANDARD = "c++14";
				CLANG_CXX_LIBRARY = "libc++";
				CLANG_LINK_OBJC_RUNTIME = NO;
				CODE_SIGN_ENTITLEMENTS = "AUv3_AppExtension.entitlements";
				CODE_SIGN_IDENTITY = "";
				COMBINE_HIDPI_IMAGES = YES;
				CONFIGURATION_BUILD_DIR = "$(PROJECT_DIR)/build/$(CONFIGURATION)";
				DEAD_CODE_STRIPPING = YES;
				GCC_GENERATE_DEBUGGING_SYMBOLS = NO;
				GCC_OPTIMIZATION_LEVEL = 3;
				GCC_PREPROCESSOR_DEFINITIONS = (
					"_NDEBUG=1",
					"NDEBUG=1",
					"PIP_JUCE_EXAMPLES_DIRECTORY=L0RldmVsb3BtZW50L0pVQ0VfREVWL2V4YW1wbGVz",
					"JUCER_XCODE_MAC_F6D2F4CF=1",
					"JUCE_APP_VERSION=1.0.0",
					"JUCE_APP_VERSION_HEX=0x10000",
					"JucePlugin_Build_VST=0",
					"JucePlugin_Build_VST3=1",
					"JucePlugin_Build_AU=1",
					"JucePlugin_Build_AUv3=1",
					"JucePlugin_Build_RTAS=0",
					"JucePlugin_Build_AAX=0",
					"JucePlugin_Build_Standalone=1",
					"JucePlugin_Build_Unity=0",
					"JUCE_DISPLAY_SPLASH_SCREEN=1",
					"JUCE_USE_DARK_SPLASH_SCREEN=1",
					"JUCE_PROJUCER_VERSION=0x60004",
					"JUCE_MODULE_AVAILABLE_juce_audio_basics=1",
					"JUCE_MODULE_AVAILABLE_juce_audio_devices=1",
					"JUCE_MODULE_AVAILABLE_juce_audio_formats=1",
					"JUCE_MODULE_AVAILABLE_juce_audio_plugin_client=1",
					"JUCE_MODULE_AVAILABLE_juce_audio_processors=1",
					"JUCE_MODULE_AVAILABLE_juce_audio_utils=1",
					"JUCE_MODULE_AVAILABLE_juce_core=1",
					"JUCE_MODULE_AVAILABLE_juce_data_structures=1",
					"JUCE_MODULE_AVAILABLE_juce_events=1",
					"JUCE_MODULE_AVAILABLE_juce_graphics=1",
					"JUCE_MODULE_AVAILABLE_juce_gui_basics=1",
					"JUCE_MODULE_AVAILABLE_juce_gui_extra=1",
					"JUCE_GLOBAL_MODULE_SETTINGS_INCLUDED=1",
					"JUCE_VST3_CAN_REPLACE_VST2=0",
					"JUCE_STRICT_REFCOUNTEDPOINTER=1",
					"JucePlugin_Enable_IAA=0",
					"JucePlugin_Name=\\\"AudioPluginDemo\\\"",
					"JucePlugin_Desc=\\\"AudioPluginDemo\\\"",
					"JucePlugin_Manufacturer=\\\"JUCE\\\"",
					"JucePlugin_ManufacturerWebsite=\\\"http://juce.com\\\"",
					"JucePlugin_ManufacturerEmail=\\\"\\\"",
					"JucePlugin_ManufacturerCode=0x4d616e75",
					"JucePlugin_PluginCode=0x596a6d6b",
					"JucePlugin_IsSynth=1",
					"JucePlugin_WantsMidiInput=1",
					"JucePlugin_ProducesMidiOutput=1",
					"JucePlugin_IsMidiEffect=0",
					"JucePlugin_EditorRequiresKeyboardFocus=1",
					"JucePlugin_Version=1.0.0",
					"JucePlugin_VersionCode=0x10000",
					"JucePlugin_VersionString=\\\"1.0.0\\\"",
					"JucePlugin_VSTUniqueID=JucePlugin_PluginCode",
					"JucePlugin_VSTCategory=kPlugCategSynth",
					"JucePlugin_Vst3Category=\\\"Instrument|Synth\\\"",
					"JucePlugin_AUMainType='aumu'",
					"JucePlugin_AUSubType=JucePlugin_PluginCode",
					"JucePlugin_AUExportPrefix=AudioPluginDemoAU",
					"JucePlugin_AUExportPrefixQuoted=\\\"AudioPluginDemoAU\\\"",
					"JucePlugin_AUManufacturerCode=JucePlugin_ManufacturerCode",
					"JucePlugin_CFBundleIdentifier=com.JUCE.AudioPluginDemo",
					"JucePlugin_RTASCategory=2048",
					"JucePlugin_RTASManufacturerCode=JucePlugin_ManufacturerCode",
					"JucePlugin_RTASProductId=JucePlugin_PluginCode",
					"JucePlugin_RTASDisableBypass=0",
					"JucePlugin_RTASDisableMultiMono=0",
					"JucePlugin_AAXIdentifier=com.JUCE.AudioPluginDemo",
					"JucePlugin_AAXManufacturerCode=JucePlugin_ManufacturerCode",
					"JucePlugin_AAXProductId=JucePlugin_PluginCode",
					"JucePlugin_AAXCategory=2048",
					"JucePlugin_AAXDisableBypass=0",
					"JucePlugin_AAXDisableMultiMono=0",
					"JucePlugin_IAAType=0x61757269",
					"JucePlugin_IAASubType=JucePlugin_PluginCode",
					"JucePlugin_IAAName=\\\"JUCE:\\ AudioPluginDemo\\\"",
					"JucePlugin_VSTNumMidiInputs=16",
					"JucePlugin_VSTNumMidiOutputs=16",
					"JUCE_STANDALONE_APPLICATION=JucePlugin_Build_Standalone",
				);
				GCC_VERSION = com.apple.compilers.llvm.clang.1_0;
				HEADER_SEARCH_PATHS = (
					"/Users/andrewcapon/Development/JUCE_DEV/modules/juce_audio_processors/format_types/VST3_SDK",
					"../../JuceLibraryCode",
					"/Users/andrewcapon/Development/JUCE_DEV/modules",
					"/Users/andrewcapon/Development/JUCE_DEV/modules/juce_audio_plugin_client",
					"$(inherited)",
				);
				INFOPLIST_FILE = Info-AUv3_AppExtension.plist;
				INFOPLIST_PREPROCESS = NO;
				LLVM_LTO = YES;
				MACOSX_DEPLOYMENT_TARGET = 10.11;
				MTL_HEADER_SEARCH_PATHS = (
					"/Users/andrewcapon/Development/JUCE_DEV/modules/juce_audio_processors/format_types/VST3_SDK",
					"../../JuceLibraryCode",
					"/Users/andrewcapon/Development/JUCE_DEV/modules",
					"/Users/andrewcapon/Development/JUCE_DEV/modules/juce_audio_plugin_client",
				);
				OTHER_LDFLAGS = "-lAudioPluginDemo";
				PRODUCT_BUNDLE_IDENTIFIER = com.JUCE.AudioPluginDemo.AudioPluginDemoAUv3;
				PRODUCT_NAME = "AudioPluginDemo";
				USE_HEADERMAP = NO;
				VALID_ARCHS = "i386 x86_64 arm64 arm64e";
			};
			name = Release;
		};
		03A3329F72E680977BBDB765 = {
			isa = XCBuildConfiguration;
			buildSettings = {
				CLANG_CXX_LANGUAGE_STANDARD = "c++14";
				CLANG_CXX_LIBRARY = "libc++";
				CLANG_LINK_OBJC_RUNTIME = NO;
				CODE_SIGN_IDENTITY = "";
				COMBINE_HIDPI_IMAGES = YES;
				CONFIGURATION_BUILD_DIR = "$(PROJECT_DIR)/build/$(CONFIGURATION)";
				COPY_PHASE_STRIP = NO;
				GCC_DYNAMIC_NO_PIC = NO;
				GCC_OPTIMIZATION_LEVEL = 0;
				GCC_PREPROCESSOR_DEFINITIONS = (
					"_DEBUG=1",
					"DEBUG=1",
					"PIP_JUCE_EXAMPLES_DIRECTORY=L0RldmVsb3BtZW50L0pVQ0VfREVWL2V4YW1wbGVz",
					"JUCER_XCODE_MAC_F6D2F4CF=1",
					"JUCE_APP_VERSION=1.0.0",
					"JUCE_APP_VERSION_HEX=0x10000",
					"JucePlugin_Build_VST=0",
					"JucePlugin_Build_VST3=1",
					"JucePlugin_Build_AU=1",
					"JucePlugin_Build_AUv3=1",
					"JucePlugin_Build_RTAS=0",
					"JucePlugin_Build_AAX=0",
					"JucePlugin_Build_Standalone=1",
					"JucePlugin_Build_Unity=0",
					"JUCE_DISPLAY_SPLASH_SCREEN=1",
					"JUCE_USE_DARK_SPLASH_SCREEN=1",
					"JUCE_PROJUCER_VERSION=0x60004",
					"JUCE_MODULE_AVAILABLE_juce_audio_basics=1",
					"JUCE_MODULE_AVAILABLE_juce_audio_devices=1",
					"JUCE_MODULE_AVAILABLE_juce_audio_formats=1",
					"JUCE_MODULE_AVAILABLE_juce_audio_plugin_client=1",
					"JUCE_MODULE_AVAILABLE_juce_audio_processors=1",
					"JUCE_MODULE_AVAILABLE_juce_audio_utils=1",
					"JUCE_MODULE_AVAILABLE_juce_core=1",
					"JUCE_MODULE_AVAILABLE_juce_data_structures=1",
					"JUCE_MODULE_AVAILABLE_juce_events=1",
					"JUCE_MODULE_AVAILABLE_juce_graphics=1",
					"JUCE_MODULE_AVAILABLE_juce_gui_basics=1",
					"JUCE_MODULE_AVAILABLE_juce_gui_extra=1",
					"JUCE_GLOBAL_MODULE_SETTINGS_INCLUDED=1",
					"JUCE_VST3_CAN_REPLACE_VST2=0",
					"JUCE_STRICT_REFCOUNTEDPOINTER=1",
					"JucePlugin_Enable_IAA=0",
					"JucePlugin_Name=\\\"AudioPluginDemo\\\"",
					"JucePlugin_Desc=\\\"AudioPluginDemo\\\"",
					"JucePlugin_Manufacturer=\\\"JUCE\\\"",
					"JucePlugin_ManufacturerWebsite=\\\"http://juce.com\\\"",
					"JucePlugin_ManufacturerEmail=\\\"\\\"",
					"JucePlugin_ManufacturerCode=0x4d616e75",
					"JucePlugin_PluginCode=0x596a6d6b",
					"JucePlugin_IsSynth=1",
					"JucePlugin_WantsMidiInput=1",
					"JucePlugin_ProducesMidiOutput=1",
					"JucePlugin_IsMidiEffect=0",
					"JucePlugin_EditorRequiresKeyboardFocus=1",
					"JucePlugin_Version=1.0.0",
					"JucePlugin_VersionCode=0x10000",
					"JucePlugin_VersionString=\\\"1.0.0\\\"",
					"JucePlugin_VSTUniqueID=JucePlugin_PluginCode",
					"JucePlugin_VSTCategory=kPlugCategSynth",
					"JucePlugin_Vst3Category=\\\"Instrument|Synth\\\"",
					"JucePlugin_AUMainType='aumu'",
					"JucePlugin_AUSubType=JucePlugin_PluginCode",
					"JucePlugin_AUExportPrefix=AudioPluginDemoAU",
					"JucePlugin_AUExportPrefixQuoted=\\\"AudioPluginDemoAU\\\"",
					"JucePlugin_AUManufacturerCode=JucePlugin_ManufacturerCode",
					"JucePlugin_CFBundleIdentifier=com.JUCE.AudioPluginDemo",
					"JucePlugin_RTASCategory=2048",
					"JucePlugin_RTASManufacturerCode=JucePlugin_ManufacturerCode",
					"JucePlugin_RTASProductId=JucePlugin_PluginCode",
					"JucePlugin_RTASDisableBypass=0",
					"JucePlugin_RTASDisableMultiMono=0",
					"JucePlugin_AAXIdentifier=com.JUCE.AudioPluginDemo",
					"JucePlugin_AAXManufacturerCode=JucePlugin_ManufacturerCode",
					"JucePlugin_AAXProductId=JucePlugin_PluginCode",
					"JucePlugin_AAXCategory=2048",
					"JucePlugin_AAXDisableBypass=0",
					"JucePlugin_AAXDisableMultiMono=0",
					"JucePlugin_IAAType=0x61757269",
					"JucePlugin_IAASubType=JucePlugin_PluginCode",
					"JucePlugin_IAAName=\\\"JUCE:\\ AudioPluginDemo\\\"",
					"JucePlugin_VSTNumMidiInputs=16",
					"JucePlugin_VSTNumMidiOutputs=16",
					"JUCE_STANDALONE_APPLICATION=JucePlugin_Build_Standalone",
				);
				GCC_VERSION = com.apple.compilers.llvm.clang.1_0;
				HEADER_SEARCH_PATHS = (
					"/Users/andrewcapon/Development/JUCE_DEV/modules/juce_audio_processors/format_types/VST3_SDK",
					"../../JuceLibraryCode",
					"/Users/andrewcapon/Development/JUCE_DEV/modules",
					"/Users/andrewcapon/Development/JUCE_DEV/modules/juce_audio_plugin_client",
					"$(inherited)",
				);
				INFOPLIST_FILE = Info-Standalone_Plugin.plist;
				INFOPLIST_PREPROCESS = NO;
				MACOSX_DEPLOYMENT_TARGET = 10.11;
				MTL_HEADER_SEARCH_PATHS = (
					"/Users/andrewcapon/Development/JUCE_DEV/modules/juce_audio_processors/format_types/VST3_SDK",
					"../../JuceLibraryCode",
					"/Users/andrewcapon/Development/JUCE_DEV/modules",
					"/Users/andrewcapon/Development/JUCE_DEV/modules/juce_audio_plugin_client",
				);
				OTHER_LDFLAGS = "-lAudioPluginDemo";
				PRODUCT_BUNDLE_IDENTIFIER = com.JUCE.AudioPluginDemo;
				PRODUCT_NAME = "AudioPluginDemo";
				USE_HEADERMAP = NO;
				VALID_ARCHS = "i386 x86_64 arm64 arm64e";
			};
			name = Debug;
		};
		190398C24ECFAC16AEC8D85B = {
			isa = XCBuildConfiguration;
			buildSettings = {
				CLANG_CXX_LANGUAGE_STANDARD = "c++14";
				CLANG_CXX_LIBRARY = "libc++";
				CLANG_LINK_OBJC_RUNTIME = NO;
				CODE_SIGN_IDENTITY = "";
				COMBINE_HIDPI_IMAGES = YES;
				CONFIGURATION_BUILD_DIR = "$(PROJECT_DIR)/build/$(CONFIGURATION)";
				DEAD_CODE_STRIPPING = YES;
				GCC_GENERATE_DEBUGGING_SYMBOLS = NO;
				GCC_OPTIMIZATION_LEVEL = 3;
				GCC_PREPROCESSOR_DEFINITIONS = (
					"_NDEBUG=1",
					"NDEBUG=1",
					"PIP_JUCE_EXAMPLES_DIRECTORY=L0RldmVsb3BtZW50L0pVQ0VfREVWL2V4YW1wbGVz",
					"JUCER_XCODE_MAC_F6D2F4CF=1",
					"JUCE_APP_VERSION=1.0.0",
					"JUCE_APP_VERSION_HEX=0x10000",
					"JucePlugin_Build_VST=0",
					"JucePlugin_Build_VST3=1",
					"JucePlugin_Build_AU=1",
					"JucePlugin_Build_AUv3=1",
					"JucePlugin_Build_RTAS=0",
					"JucePlugin_Build_AAX=0",
					"JucePlugin_Build_Standalone=1",
					"JucePlugin_Build_Unity=0",
					"JUCE_DISPLAY_SPLASH_SCREEN=1",
					"JUCE_USE_DARK_SPLASH_SCREEN=1",
					"JUCE_PROJUCER_VERSION=0x60004",
					"JUCE_MODULE_AVAILABLE_juce_audio_basics=1",
					"JUCE_MODULE_AVAILABLE_juce_audio_devices=1",
					"JUCE_MODULE_AVAILABLE_juce_audio_formats=1",
					"JUCE_MODULE_AVAILABLE_juce_audio_plugin_client=1",
					"JUCE_MODULE_AVAILABLE_juce_audio_processors=1",
					"JUCE_MODULE_AVAILABLE_juce_audio_utils=1",
					"JUCE_MODULE_AVAILABLE_juce_core=1",
					"JUCE_MODULE_AVAILABLE_juce_data_structures=1",
					"JUCE_MODULE_AVAILABLE_juce_events=1",
					"JUCE_MODULE_AVAILABLE_juce_graphics=1",
					"JUCE_MODULE_AVAILABLE_juce_gui_basics=1",
					"JUCE_MODULE_AVAILABLE_juce_gui_extra=1",
					"JUCE_GLOBAL_MODULE_SETTINGS_INCLUDED=1",
					"JUCE_VST3_CAN_REPLACE_VST2=0",
					"JUCE_STRICT_REFCOUNTEDPOINTER=1",
					"JucePlugin_Enable_IAA=0",
					"JucePlugin_Name=\\\"AudioPluginDemo\\\"",
					"JucePlugin_Desc=\\\"AudioPluginDemo\\\"",
					"JucePlugin_Manufacturer=\\\"JUCE\\\"",
					"JucePlugin_ManufacturerWebsite=\\\"http://juce.com\\\"",
					"JucePlugin_ManufacturerEmail=\\\"\\\"",
					"JucePlugin_ManufacturerCode=0x4d616e75",
					"JucePlugin_PluginCode=0x596a6d6b",
					"JucePlugin_IsSynth=1",
					"JucePlugin_WantsMidiInput=1",
					"JucePlugin_ProducesMidiOutput=1",
					"JucePlugin_IsMidiEffect=0",
					"JucePlugin_EditorRequiresKeyboardFocus=1",
					"JucePlugin_Version=1.0.0",
					"JucePlugin_VersionCode=0x10000",
					"JucePlugin_VersionString=\\\"1.0.0\\\"",
					"JucePlugin_VSTUniqueID=JucePlugin_PluginCode",
					"JucePlugin_VSTCategory=kPlugCategSynth",
					"JucePlugin_Vst3Category=\\\"Instrument|Synth\\\"",
					"JucePlugin_AUMainType='aumu'",
					"JucePlugin_AUSubType=JucePlugin_PluginCode",
					"JucePlugin_AUExportPrefix=AudioPluginDemoAU",
					"JucePlugin_AUExportPrefixQuoted=\\\"AudioPluginDemoAU\\\"",
					"JucePlugin_AUManufacturerCode=JucePlugin_ManufacturerCode",
					"JucePlugin_CFBundleIdentifier=com.JUCE.AudioPluginDemo",
					"JucePlugin_RTASCategory=2048",
					"JucePlugin_RTASManufacturerCode=JucePlugin_ManufacturerCode",
					"JucePlugin_RTASProductId=JucePlugin_PluginCode",
					"JucePlugin_RTASDisableBypass=0",
					"JucePlugin_RTASDisableMultiMono=0",
					"JucePlugin_AAXIdentifier=com.JUCE.AudioPluginDemo",
					"JucePlugin_AAXManufacturerCode=JucePlugin_ManufacturerCode",
					"JucePlugin_AAXProductId=JucePlugin_PluginCode",
					"JucePlugin_AAXCategory=2048",
					"JucePlugin_AAXDisableBypass=0",
					"JucePlugin_AAXDisableMultiMono=0",
					"JucePlugin_IAAType=0x61757269",
					"JucePlugin_IAASubType=JucePlugin_PluginCode",
					"JucePlugin_IAAName=\\\"JUCE:\\ AudioPluginDemo\\\"",
					"JucePlugin_VSTNumMidiInputs=16",
					"JucePlugin_VSTNumMidiOutputs=16",
					"JUCE_STANDALONE_APPLICATION=JucePlugin_Build_Standalone",
				);
				GCC_VERSION = com.apple.compilers.llvm.clang.1_0;
				HEADER_SEARCH_PATHS = (
					"/Users/andrewcapon/Development/JUCE_DEV/modules/juce_audio_processors/format_types/VST3_SDK",
					"../../JuceLibraryCode",
					"/Users/andrewcapon/Development/JUCE_DEV/modules",
					"/Users/andrewcapon/Development/JUCE_DEV/modules/juce_audio_plugin_client",
					"$(inherited)",
				);
				INFOPLIST_FILE = Info-Standalone_Plugin.plist;
				INFOPLIST_PREPROCESS = NO;
				LLVM_LTO = YES;
				MACOSX_DEPLOYMENT_TARGET = 10.11;
				MTL_HEADER_SEARCH_PATHS = (
					"/Users/andrewcapon/Development/JUCE_DEV/modules/juce_audio_processors/format_types/VST3_SDK",
					"../../JuceLibraryCode",
					"/Users/andrewcapon/Development/JUCE_DEV/modules",
					"/Users/andrewcapon/Development/JUCE_DEV/modules/juce_audio_plugin_client",
				);
				OTHER_LDFLAGS = "-lAudioPluginDemo";
				PRODUCT_BUNDLE_IDENTIFIER = com.JUCE.AudioPluginDemo;
				PRODUCT_NAME = "AudioPluginDemo";
				USE_HEADERMAP = NO;
				VALID_ARCHS = "i386 x86_64 arm64 arm64e";
			};
			name = Release;
		};
		D91C38D3FEDDED7D46706F91 = {
			isa = XCBuildConfiguration;
			buildSettings = {
				CLANG_CXX_LANGUAGE_STANDARD = "c++14";
				CLANG_CXX_LIBRARY = "libc++";
				CLANG_LINK_OBJC_RUNTIME = NO;
				CODE_SIGN_IDENTITY = "";
				COMBINE_HIDPI_IMAGES = YES;
				CONFIGURATION_BUILD_DIR = "$(PROJECT_DIR)/build/$(CONFIGURATION)";
				COPY_PHASE_STRIP = NO;
				GCC_DYNAMIC_NO_PIC = NO;
				GCC_OPTIMIZATION_LEVEL = 0;
				GCC_PREPROCESSOR_DEFINITIONS = (
					"_DEBUG=1",
					"DEBUG=1",
					"PIP_JUCE_EXAMPLES_DIRECTORY=L0RldmVsb3BtZW50L0pVQ0VfREVWL2V4YW1wbGVz",
					"JUCER_XCODE_MAC_F6D2F4CF=1",
					"JUCE_APP_VERSION=1.0.0",
					"JUCE_APP_VERSION_HEX=0x10000",
					"JucePlugin_Build_VST=0",
					"JucePlugin_Build_VST3=1",
					"JucePlugin_Build_AU=1",
					"JucePlugin_Build_AUv3=1",
					"JucePlugin_Build_RTAS=0",
					"JucePlugin_Build_AAX=0",
					"JucePlugin_Build_Standalone=1",
					"JucePlugin_Build_Unity=0",
					"JUCE_SHARED_CODE=1",
					"JUCE_DISPLAY_SPLASH_SCREEN=1",
					"JUCE_USE_DARK_SPLASH_SCREEN=1",
					"JUCE_PROJUCER_VERSION=0x60004",
					"JUCE_MODULE_AVAILABLE_juce_audio_basics=1",
					"JUCE_MODULE_AVAILABLE_juce_audio_devices=1",
					"JUCE_MODULE_AVAILABLE_juce_audio_formats=1",
					"JUCE_MODULE_AVAILABLE_juce_audio_plugin_client=1",
					"JUCE_MODULE_AVAILABLE_juce_audio_processors=1",
					"JUCE_MODULE_AVAILABLE_juce_audio_utils=1",
					"JUCE_MODULE_AVAILABLE_juce_core=1",
					"JUCE_MODULE_AVAILABLE_juce_data_structures=1",
					"JUCE_MODULE_AVAILABLE_juce_events=1",
					"JUCE_MODULE_AVAILABLE_juce_graphics=1",
					"JUCE_MODULE_AVAILABLE_juce_gui_basics=1",
					"JUCE_MODULE_AVAILABLE_juce_gui_extra=1",
					"JUCE_GLOBAL_MODULE_SETTINGS_INCLUDED=1",
					"JUCE_VST3_CAN_REPLACE_VST2=0",
					"JUCE_STRICT_REFCOUNTEDPOINTER=1",
					"JucePlugin_Enable_IAA=0",
					"JucePlugin_Name=\\\"AudioPluginDemo\\\"",
					"JucePlugin_Desc=\\\"AudioPluginDemo\\\"",
					"JucePlugin_Manufacturer=\\\"JUCE\\\"",
					"JucePlugin_ManufacturerWebsite=\\\"http://juce.com\\\"",
					"JucePlugin_ManufacturerEmail=\\\"\\\"",
					"JucePlugin_ManufacturerCode=0x4d616e75",
					"JucePlugin_PluginCode=0x596a6d6b",
					"JucePlugin_IsSynth=1",
					"JucePlugin_WantsMidiInput=1",
					"JucePlugin_ProducesMidiOutput=1",
					"JucePlugin_IsMidiEffect=0",
					"JucePlugin_EditorRequiresKeyboardFocus=1",
					"JucePlugin_Version=1.0.0",
					"JucePlugin_VersionCode=0x10000",
					"JucePlugin_VersionString=\\\"1.0.0\\\"",
					"JucePlugin_VSTUniqueID=JucePlugin_PluginCode",
					"JucePlugin_VSTCategory=kPlugCategSynth",
					"JucePlugin_Vst3Category=\\\"Instrument|Synth\\\"",
					"JucePlugin_AUMainType='aumu'",
					"JucePlugin_AUSubType=JucePlugin_PluginCode",
					"JucePlugin_AUExportPrefix=AudioPluginDemoAU",
					"JucePlugin_AUExportPrefixQuoted=\\\"AudioPluginDemoAU\\\"",
					"JucePlugin_AUManufacturerCode=JucePlugin_ManufacturerCode",
					"JucePlugin_CFBundleIdentifier=com.JUCE.AudioPluginDemo",
					"JucePlugin_RTASCategory=2048",
					"JucePlugin_RTASManufacturerCode=JucePlugin_ManufacturerCode",
					"JucePlugin_RTASProductId=JucePlugin_PluginCode",
					"JucePlugin_RTASDisableBypass=0",
					"JucePlugin_RTASDisableMultiMono=0",
					"JucePlugin_AAXIdentifier=com.JUCE.AudioPluginDemo",
					"JucePlugin_AAXManufacturerCode=JucePlugin_ManufacturerCode",
					"JucePlugin_AAXProductId=JucePlugin_PluginCode",
					"JucePlugin_AAXCategory=2048",
					"JucePlugin_AAXDisableBypass=0",
					"JucePlugin_AAXDisableMultiMono=0",
					"JucePlugin_IAAType=0x61757269",
					"JucePlugin_IAASubType=JucePlugin_PluginCode",
					"JucePlugin_IAAName=\\\"JUCE:\\ AudioPluginDemo\\\"",
					"JucePlugin_VSTNumMidiInputs=16",
					"JucePlugin_VSTNumMidiOutputs=16",
					"JUCE_STANDALONE_APPLICATION=JucePlugin_Build_Standalone",
				);
				GCC_VERSION = com.apple.compilers.llvm.clang.1_0;
				HEADER_SEARCH_PATHS = (
					"/Users/andrewcapon/Development/JUCE_DEV/modules/juce_audio_processors/format_types/VST3_SDK",
					"../../JuceLibraryCode",
					"/Users/andrewcapon/Development/JUCE_DEV/modules",
					"/Users/andrewcapon/Development/JUCE_DEV/modules/juce_audio_plugin_client",
					"$(inherited)",
				);
				INSTALL_PATH = "@executable_path/../Frameworks";
				MACOSX_DEPLOYMENT_TARGET = 10.11;
				MTL_HEADER_SEARCH_PATHS = (
					"/Users/andrewcapon/Development/JUCE_DEV/modules/juce_audio_processors/format_types/VST3_SDK",
					"../../JuceLibraryCode",
					"/Users/andrewcapon/Development/JUCE_DEV/modules",
					"/Users/andrewcapon/Development/JUCE_DEV/modules/juce_audio_plugin_client",
				);
				PRODUCT_BUNDLE_IDENTIFIER = com.JUCE.AudioPluginDemo;
				PRODUCT_NAME = "AudioPluginDemo";
				SKIP_INSTALL = YES;
				USE_HEADERMAP = NO;
				VALID_ARCHS = "i386 x86_64 arm64 arm64e";
			};
			name = Debug;
		};
		7798B482FA90A4EFAD27A66F = {
			isa = XCBuildConfiguration;
			buildSettings = {
				CLANG_CXX_LANGUAGE_STANDARD = "c++14";
				CLANG_CXX_LIBRARY = "libc++";
				CLANG_LINK_OBJC_RUNTIME = NO;
				CODE_SIGN_IDENTITY = "";
				COMBINE_HIDPI_IMAGES = YES;
				CONFIGURATION_BUILD_DIR = "$(PROJECT_DIR)/build/$(CONFIGURATION)";
				DEAD_CODE_STRIPPING = YES;
				GCC_GENERATE_DEBUGGING_SYMBOLS = NO;
				GCC_OPTIMIZATION_LEVEL = 3;
				GCC_PREPROCESSOR_DEFINITIONS = (
					"_NDEBUG=1",
					"NDEBUG=1",
					"PIP_JUCE_EXAMPLES_DIRECTORY=L0RldmVsb3BtZW50L0pVQ0VfREVWL2V4YW1wbGVz",
					"JUCER_XCODE_MAC_F6D2F4CF=1",
					"JUCE_APP_VERSION=1.0.0",
					"JUCE_APP_VERSION_HEX=0x10000",
					"JucePlugin_Build_VST=0",
					"JucePlugin_Build_VST3=1",
					"JucePlugin_Build_AU=1",
					"JucePlugin_Build_AUv3=1",
					"JucePlugin_Build_RTAS=0",
					"JucePlugin_Build_AAX=0",
					"JucePlugin_Build_Standalone=1",
					"JucePlugin_Build_Unity=0",
					"JUCE_SHARED_CODE=1",
					"JUCE_DISPLAY_SPLASH_SCREEN=1",
					"JUCE_USE_DARK_SPLASH_SCREEN=1",
					"JUCE_PROJUCER_VERSION=0x60004",
					"JUCE_MODULE_AVAILABLE_juce_audio_basics=1",
					"JUCE_MODULE_AVAILABLE_juce_audio_devices=1",
					"JUCE_MODULE_AVAILABLE_juce_audio_formats=1",
					"JUCE_MODULE_AVAILABLE_juce_audio_plugin_client=1",
					"JUCE_MODULE_AVAILABLE_juce_audio_processors=1",
					"JUCE_MODULE_AVAILABLE_juce_audio_utils=1",
					"JUCE_MODULE_AVAILABLE_juce_core=1",
					"JUCE_MODULE_AVAILABLE_juce_data_structures=1",
					"JUCE_MODULE_AVAILABLE_juce_events=1",
					"JUCE_MODULE_AVAILABLE_juce_graphics=1",
					"JUCE_MODULE_AVAILABLE_juce_gui_basics=1",
					"JUCE_MODULE_AVAILABLE_juce_gui_extra=1",
					"JUCE_GLOBAL_MODULE_SETTINGS_INCLUDED=1",
					"JUCE_VST3_CAN_REPLACE_VST2=0",
					"JUCE_STRICT_REFCOUNTEDPOINTER=1",
					"JucePlugin_Enable_IAA=0",
					"JucePlugin_Name=\\\"AudioPluginDemo\\\"",
					"JucePlugin_Desc=\\\"AudioPluginDemo\\\"",
					"JucePlugin_Manufacturer=\\\"JUCE\\\"",
					"JucePlugin_ManufacturerWebsite=\\\"http://juce.com\\\"",
					"JucePlugin_ManufacturerEmail=\\\"\\\"",
					"JucePlugin_ManufacturerCode=0x4d616e75",
					"JucePlugin_PluginCode=0x596a6d6b",
					"JucePlugin_IsSynth=1",
					"JucePlugin_WantsMidiInput=1",
					"JucePlugin_ProducesMidiOutput=1",
					"JucePlugin_IsMidiEffect=0",
					"JucePlugin_EditorRequiresKeyboardFocus=1",
					"JucePlugin_Version=1.0.0",
					"JucePlugin_VersionCode=0x10000",
					"JucePlugin_VersionString=\\\"1.0.0\\\"",
					"JucePlugin_VSTUniqueID=JucePlugin_PluginCode",
					"JucePlugin_VSTCategory=kPlugCategSynth",
					"JucePlugin_Vst3Category=\\\"Instrument|Synth\\\"",
					"JucePlugin_AUMainType='aumu'",
					"JucePlugin_AUSubType=JucePlugin_PluginCode",
					"JucePlugin_AUExportPrefix=AudioPluginDemoAU",
					"JucePlugin_AUExportPrefixQuoted=\\\"AudioPluginDemoAU\\\"",
					"JucePlugin_AUManufacturerCode=JucePlugin_ManufacturerCode",
					"JucePlugin_CFBundleIdentifier=com.JUCE.AudioPluginDemo",
					"JucePlugin_RTASCategory=2048",
					"JucePlugin_RTASManufacturerCode=JucePlugin_ManufacturerCode",
					"JucePlugin_RTASProductId=JucePlugin_PluginCode",
					"JucePlugin_RTASDisableBypass=0",
					"JucePlugin_RTASDisableMultiMono=0",
					"JucePlugin_AAXIdentifier=com.JUCE.AudioPluginDemo",
					"JucePlugin_AAXManufacturerCode=JucePlugin_ManufacturerCode",
					"JucePlugin_AAXProductId=JucePlugin_PluginCode",
					"JucePlugin_AAXCategory=2048",
					"JucePlugin_AAXDisableBypass=0",
					"JucePlugin_AAXDisableMultiMono=0",
					"JucePlugin_IAAType=0x61757269",
					"JucePlugin_IAASubType=JucePlugin_PluginCode",
					"JucePlugin_IAAName=\\\"JUCE:\\ AudioPluginDemo\\\"",
					"JucePlugin_VSTNumMidiInputs=16",
					"JucePlugin_VSTNumMidiOutputs=16",
					"JUCE_STANDALONE_APPLICATION=JucePlugin_Build_Standalone",
				);
				GCC_VERSION = com.apple.compilers.llvm.clang.1_0;
				HEADER_SEARCH_PATHS = (
					"/Users/andrewcapon/Development/JUCE_DEV/modules/juce_audio_processors/format_types/VST3_SDK",
					"../../JuceLibraryCode",
					"/Users/andrewcapon/Development/JUCE_DEV/modules",
					"/Users/andrewcapon/Development/JUCE_DEV/modules/juce_audio_plugin_client",
					"$(inherited)",
				);
				INSTALL_PATH = "@executable_path/../Frameworks";
				LLVM_LTO = YES;
				MACOSX_DEPLOYMENT_TARGET = 10.11;
				MTL_HEADER_SEARCH_PATHS = (
					"/Users/andrewcapon/Development/JUCE_DEV/modules/juce_audio_processors/format_types/VST3_SDK",
					"../../JuceLibraryCode",
					"/Users/andrewcapon/Development/JUCE_DEV/modules",
					"/Users/andrewcapon/Development/JUCE_DEV/modules/juce_audio_plugin_client",
				);
				PRODUCT_BUNDLE_IDENTIFIER = com.JUCE.AudioPluginDemo;
				PRODUCT_NAME = "AudioPluginDemo";
				SKIP_INSTALL = YES;
				USE_HEADERMAP = NO;
				VALID_ARCHS = "i386 x86_64 arm64 arm64e";
			};
			name = Release;
		};
		ECCCF36B9996103151C2DFB2 = {
			isa = XCBuildConfiguration;
			buildSettings = {
				ALWAYS_SEARCH_USER_PATHS = NO;
				CLANG_ENABLE_OBJC_WEAK = YES;
				CLANG_WARN_BLOCK_CAPTURE_AUTORELEASING = YES;
				CLANG_WARN_BOOL_CONVERSION = YES;
				CLANG_WARN_COMMA = YES;
				CLANG_WARN_CONSTANT_CONVERSION = YES;
				CLANG_WARN_DEPRECATED_OBJC_IMPLEMENTATIONS = YES;
				CLANG_WARN_EMPTY_BODY = YES;
				CLANG_WARN_ENUM_CONVERSION = YES;
				CLANG_WARN_INFINITE_RECURSION = YES;
				CLANG_WARN_INT_CONVERSION = YES;
				CLANG_WARN_NON_LITERAL_NULL_CONVERSION = YES;
				CLANG_WARN_OBJC_IMPLICIT_RETAIN_SELF = YES;
				CLANG_WARN_OBJC_LITERAL_CONVERSION = YES;
				CLANG_WARN_RANGE_LOOP_ANALYSIS = YES;
				CLANG_WARN_STRICT_PROTOTYPES = YES;
				CLANG_WARN_SUSPICIOUS_MOVE = YES;
				CLANG_WARN_UNREACHABLE_CODE = YES;
				CLANG_WARN__DUPLICATE_METHOD_MATCH = YES;
				CODE_SIGN_IDENTITY = "";
				DEBUG_INFORMATION_FORMAT = dwarf;
				ENABLE_STRICT_OBJC_MSGSEND = YES;
				ENABLE_TESTABILITY = NO;
				GCC_C_LANGUAGE_STANDARD = c11;
				GCC_INLINES_ARE_PRIVATE_EXTERN = YES;
				GCC_MODEL_TUNING = G5;
				GCC_NO_COMMON_BLOCKS = YES;
				GCC_SYMBOLS_PRIVATE_EXTERN = YES;
				GCC_WARN_64_TO_32_BIT_CONVERSION = YES;
				GCC_WARN_ABOUT_RETURN_TYPE = YES;
				GCC_WARN_CHECK_SWITCH_STATEMENTS = YES;
				GCC_WARN_MISSING_PARENTHESES = YES;
				GCC_WARN_NON_VIRTUAL_DESTRUCTOR = YES;
				GCC_WARN_TYPECHECK_CALLS_TO_PRINTF = YES;
				GCC_WARN_UNDECLARED_SELECTOR = YES;
				GCC_WARN_UNINITIALIZED_AUTOS = YES;
				GCC_WARN_UNUSED_FUNCTION = YES;
				GCC_WARN_UNUSED_VARIABLE = YES;
				ONLY_ACTIVE_ARCH = NO;
				PRODUCT_NAME = "AudioPluginDemo";
				SDKROOT = macosx;
				WARNING_CFLAGS = "-Wreorder";
				ZERO_LINK = NO;
			};
			name = Debug;
		};
		88B099B5C44E38D81C69314E = {
			isa = XCBuildConfiguration;
			buildSettings = {
				ALWAYS_SEARCH_USER_PATHS = NO;
				CLANG_ENABLE_OBJC_WEAK = YES;
				CLANG_WARN_BLOCK_CAPTURE_AUTORELEASING = YES;
				CLANG_WARN_BOOL_CONVERSION = YES;
				CLANG_WARN_COMMA = YES;
				CLANG_WARN_CONSTANT_CONVERSION = YES;
				CLANG_WARN_DEPRECATED_OBJC_IMPLEMENTATIONS = YES;
				CLANG_WARN_EMPTY_BODY = YES;
				CLANG_WARN_ENUM_CONVERSION = YES;
				CLANG_WARN_INFINITE_RECURSION = YES;
				CLANG_WARN_INT_CONVERSION = YES;
				CLANG_WARN_NON_LITERAL_NULL_CONVERSION = YES;
				CLANG_WARN_OBJC_IMPLICIT_RETAIN_SELF = YES;
				CLANG_WARN_OBJC_LITERAL_CONVERSION = YES;
				CLANG_WARN_RANGE_LOOP_ANALYSIS = YES;
				CLANG_WARN_STRICT_PROTOTYPES = YES;
				CLANG_WARN_SUSPICIOUS_MOVE = YES;
				CLANG_WARN_UNREACHABLE_CODE = YES;
				CLANG_WARN__DUPLICATE_METHOD_MATCH = YES;
				CODE_SIGN_IDENTITY = "";
				DEBUG_INFORMATION_FORMAT = dwarf;
				ENABLE_STRICT_OBJC_MSGSEND = YES;
				ENABLE_TESTABILITY = NO;
				GCC_C_LANGUAGE_STANDARD = c11;
				GCC_INLINES_ARE_PRIVATE_EXTERN = YES;
				GCC_MODEL_TUNING = G5;
				GCC_NO_COMMON_BLOCKS = YES;
				GCC_SYMBOLS_PRIVATE_EXTERN = YES;
				GCC_WARN_64_TO_32_BIT_CONVERSION = YES;
				GCC_WARN_ABOUT_RETURN_TYPE = YES;
				GCC_WARN_CHECK_SWITCH_STATEMENTS = YES;
				GCC_WARN_MISSING_PARENTHESES = YES;
				GCC_WARN_NON_VIRTUAL_DESTRUCTOR = YES;
				GCC_WARN_TYPECHECK_CALLS_TO_PRINTF = YES;
				GCC_WARN_UNDECLARED_SELECTOR = YES;
				GCC_WARN_UNINITIALIZED_AUTOS = YES;
				GCC_WARN_UNUSED_FUNCTION = YES;
				GCC_WARN_UNUSED_VARIABLE = YES;
				PRODUCT_NAME = "AudioPluginDemo";
				SDKROOT = macosx;
				WARNING_CFLAGS = "-Wreorder";
				ZERO_LINK = NO;
			};
			name = Release;
		};
		360A1902AD110BBECEFD41A6 = {
			isa = XCConfigurationList;
			buildConfigurations = (
				ECCCF36B9996103151C2DFB2,
				88B099B5C44E38D81C69314E,
			);
			defaultConfigurationIsVisible = 0;
			defaultConfigurationName = Debug;
		};
		16679858CD600A57FB934295 = {
			isa = XCConfigurationList;
			buildConfigurations = (
				0C15DC2B49934B1500A8FED1,
				91B9C08440360FA75DF3179D,
			);
			defaultConfigurationIsVisible = 0;
			defaultConfigurationName = Debug;
		};
		C2F0DD81D85234A54488B38C = {
			isa = PBXAggregateTarget;
			buildConfigurationList = 16679858CD600A57FB934295;
			buildPhases = ( );
			buildRules = ( );
			dependencies = (
				4FAFE66C4C6F659FC24660B2,
				A65F7AFD4A4118EB6511245E,
				2B3520BF38867D5A0F6A6532,
				1B95237FD10001A734CB7A26,
				F88060A7B4A2A28159E3313A,
			);
			name = "AudioPluginDemo - All";
			productName = AudioPluginDemo;
		};
		D53F1D6B86E97A75065D2DA6 = {
			isa = XCConfigurationList;
			buildConfigurations = (
				E589817AC53EC6E452430AD0,
				872EF17B53E98BC3343EF1C7,
			);
			defaultConfigurationIsVisible = 0;
			defaultConfigurationName = Debug;
		};
		E1C8FC3C9D49631354459E40 = {
			isa = PBXResourcesBuildPhase;
			buildActionMask = 2147483647;
			files = (
				6C42D651BF38122BA9CB7490,
			);
			runOnlyForDeploymentPostprocessing = 0;
		};
		2549F366518F46B99F516748 = {
			isa = PBXSourcesBuildPhase;
			buildActionMask = 2147483647;
			files = (
				22420E560B1EE92DDBEE35A3,
			);
			runOnlyForDeploymentPostprocessing = 0;
		};
		A51CEE6288D76FE0FD2EBB95 = {
			isa = PBXFrameworksBuildPhase;
			buildActionMask = 2147483647;
			files = (
				80F665A8472C9088ACE58847,
				9AAF225D4AEFA3D3683EE1A9,
				8E2A1DAA23F5853C880A87DC,
				A196F5A60C84F23101ED5423,
				75A02782DDB3AB396F365538,
				5CC45F7EC7F6932E1A4BE1BD,
				8FBFCC98ED6548461A189B5F,
				8BA4333E9D899B76DE26B268,
				97AD9951C296F9D1D1311F1F,
				00FD08ADF099437C3A76831C,
				CB5382881D4F522663AD8A0B,
			);
			runOnlyForDeploymentPostprocessing = 0;
		};
		85722A3DD68B1F5E66EC824E = {
			isa = PBXNativeTarget;
			buildConfigurationList = D53F1D6B86E97A75065D2DA6;
			buildPhases = (
				E1C8FC3C9D49631354459E40,
				2549F366518F46B99F516748,
				A51CEE6288D76FE0FD2EBB95,
			);
			buildRules = ( );
			dependencies = (
				DD7957A59293B671D18E57EC,
			);
			name = "AudioPluginDemo - VST3";
			productName = AudioPluginDemo;
			productReference = B2CFE0785CF60F2D256B45E8;
			productType = "com.apple.product-type.bundle";
		};
		104E8991A4B76A95D0EDF88A = {
			isa = XCConfigurationList;
			buildConfigurations = (
				02B5E0D7853A7A01978154F3,
				9DCE49D5023541A35FB791FD,
			);
			defaultConfigurationIsVisible = 0;
			defaultConfigurationName = Debug;
		};
		8A25413CB4AA2D7219EA6701 = {
			isa = PBXResourcesBuildPhase;
			buildActionMask = 2147483647;
			files = (
				6C42D651BF38122BA9CB7490,
			);
			runOnlyForDeploymentPostprocessing = 0;
		};
		54EFED6966511A167956884D = {
			isa = PBXRezBuildPhase;
			buildActionMask = 2147483647;
			files = (
				5468C105C16C47A242D40047,
			);
			runOnlyForDeploymentPostprocessing = 0;
		};
		42A06F42C8DE6F9081067C10 = {
			isa = PBXSourcesBuildPhase;
			buildActionMask = 2147483647;
			files = (
				286B13C18C7984E56615F3FB,
				A68433ED709CB6E5E03FAC6C,
			);
			runOnlyForDeploymentPostprocessing = 0;
		};
		31C9753131CFDC3C42BCD883 = {
			isa = PBXFrameworksBuildPhase;
			buildActionMask = 2147483647;
			files = (
				88EE12F2F0F40115D33DF362,
				80F665A8472C9088ACE58847,
				9AAF225D4AEFA3D3683EE1A9,
				8E2A1DAA23F5853C880A87DC,
				A196F5A60C84F23101ED5423,
				75A02782DDB3AB396F365538,
				5CC45F7EC7F6932E1A4BE1BD,
				8FBFCC98ED6548461A189B5F,
				8BA4333E9D899B76DE26B268,
				97AD9951C296F9D1D1311F1F,
				00FD08ADF099437C3A76831C,
				CB5382881D4F522663AD8A0B,
			);
			runOnlyForDeploymentPostprocessing = 0;
		};
		4782253988DE3D9A1B71C955 = {
			isa = PBXNativeTarget;
			buildConfigurationList = 104E8991A4B76A95D0EDF88A;
			buildPhases = (
				8A25413CB4AA2D7219EA6701,
				54EFED6966511A167956884D,
				42A06F42C8DE6F9081067C10,
				31C9753131CFDC3C42BCD883,
			);
			buildRules = ( );
			dependencies = (
				8DB998332B0C090E275326D0,
			);
			name = "AudioPluginDemo - AU";
			productName = AudioPluginDemo;
			productReference = EAD4051C0C9C0D510193B227;
			productType = "com.apple.product-type.bundle";
		};
		4A57D255FA2D9B100A7C3A2E = {
			isa = XCConfigurationList;
			buildConfigurations = (
				A329BDAAD5EE35816EC3DE8F,
				37D3FA99FDB413708E4DFE54,
			);
			defaultConfigurationIsVisible = 0;
			defaultConfigurationName = Debug;
		};
		230C48945136127C77000623 = {
			isa = PBXResourcesBuildPhase;
			buildActionMask = 2147483647;
			files = (
				6C42D651BF38122BA9CB7490,
			);
			runOnlyForDeploymentPostprocessing = 0;
		};
		F0669D4E227BA2291F389A49 = {
			isa = PBXSourcesBuildPhase;
			buildActionMask = 2147483647;
			files = (
				4716CE9F9EA3DBB4443E354C,
			);
			runOnlyForDeploymentPostprocessing = 0;
		};
		CDDFC46DC164BBAC565752B2 = {
			isa = PBXFrameworksBuildPhase;
			buildActionMask = 2147483647;
			files = (
				88EE12F2F0F40115D33DF362,
				80F665A8472C9088ACE58847,
				9AAF225D4AEFA3D3683EE1A9,
				00DF489A161F50D612FBFCA9,
				8E2A1DAA23F5853C880A87DC,
				A196F5A60C84F23101ED5423,
				75A02782DDB3AB396F365538,
				5CC45F7EC7F6932E1A4BE1BD,
				8FBFCC98ED6548461A189B5F,
				8BA4333E9D899B76DE26B268,
				97AD9951C296F9D1D1311F1F,
				00FD08ADF099437C3A76831C,
				CB5382881D4F522663AD8A0B,
			);
			runOnlyForDeploymentPostprocessing = 0;
		};
		8B9EB94004CF57EFED1DF566 = {
			isa = PBXNativeTarget;
			buildConfigurationList = 4A57D255FA2D9B100A7C3A2E;
			buildPhases = (
				230C48945136127C77000623,
				F0669D4E227BA2291F389A49,
				CDDFC46DC164BBAC565752B2,
			);
			buildRules = ( );
			dependencies = (
				DF738128B1C40849EE250F5E,
			);
			name = "AudioPluginDemo - AUv3 AppExtension";
			productName = AudioPluginDemo;
			productReference = 3BF085CC9F16562D306B7286;
			productType = "com.apple.product-type.app-extension";
		};
		A2294FC0A0893E89F4EFE67D = {
			isa = XCConfigurationList;
			buildConfigurations = (
				03A3329F72E680977BBDB765,
				190398C24ECFAC16AEC8D85B,
			);
			defaultConfigurationIsVisible = 0;
			defaultConfigurationName = Debug;
		};
		9EE7EC1D5D1C7AE2E5B9C01B = {
			isa = PBXResourcesBuildPhase;
			buildActionMask = 2147483647;
			files = (
				6C42D651BF38122BA9CB7490,
			);
			runOnlyForDeploymentPostprocessing = 0;
		};
		D2298AE17C829D10B9CE074C = {
			isa = PBXSourcesBuildPhase;
			buildActionMask = 2147483647;
			files = (
				371A5085FF1B8329634A75A6,
			);
			runOnlyForDeploymentPostprocessing = 0;
		};
		0C58B27A59833C3370B2D192 = {
			isa = PBXFrameworksBuildPhase;
			buildActionMask = 2147483647;
			files = (
				80F665A8472C9088ACE58847,
				9AAF225D4AEFA3D3683EE1A9,
				8E2A1DAA23F5853C880A87DC,
				A196F5A60C84F23101ED5423,
				75A02782DDB3AB396F365538,
				5CC45F7EC7F6932E1A4BE1BD,
				8FBFCC98ED6548461A189B5F,
				8BA4333E9D899B76DE26B268,
				97AD9951C296F9D1D1311F1F,
				00FD08ADF099437C3A76831C,
				CB5382881D4F522663AD8A0B,
			);
			runOnlyForDeploymentPostprocessing = 0;
		};
		BE8588CFD23729D924458195 = {
			isa = PBXCopyFilesBuildPhase;
			buildActionMask = 2147483647;
			files = (
				E9BCEE41585BB10F23DB397D,
			);
			runOnlyForDeploymentPostprocessing = 0;
			name = "Embed App Extensions";
			dstPath = "";
			dstSubfolderSpec = 13;
		};
		96FAB33732783FA221D43897 = {
			isa = PBXNativeTarget;
			buildConfigurationList = A2294FC0A0893E89F4EFE67D;
			buildPhases = (
				9EE7EC1D5D1C7AE2E5B9C01B,
				D2298AE17C829D10B9CE074C,
				0C58B27A59833C3370B2D192,
				BE8588CFD23729D924458195,
			);
			buildRules = ( );
			dependencies = (
				BF2EC9A30B9733EB54320F47,
				1F33A86AF7154C337391EBD1,
			);
			name = "AudioPluginDemo - Standalone Plugin";
			productName = AudioPluginDemo;
			productReference = 40A730F6BC92FB16EE429AAF;
			productType = "com.apple.product-type.application";
		};
		B10C76958A4AC34BE8F87555 = {
			isa = XCConfigurationList;
			buildConfigurations = (
				D91C38D3FEDDED7D46706F91,
				7798B482FA90A4EFAD27A66F,
			);
			defaultConfigurationIsVisible = 0;
			defaultConfigurationName = Debug;
		};
		42D9D5FC44D81E77B27FB477 = {
			isa = PBXSourcesBuildPhase;
			buildActionMask = 2147483647;
			files = (
				2A260C42288B351EB83F2E4D,
				66A97266C13F641E90F7FA04,
				3DA536307F1C9F4A9CC0E041,
				08CAEACF44B99E5916641836,
				0206D04A0E7CF84ACCECA615,
				95AD4C5FDE0372524A71FF7A,
				18A39F42D9ED57B6879D3F3F,
				93AE8B09043519153013AE2E,
				D3277AF9EB58A708515EAAB9,
				8C2DD3823DB63C79E8E5A8B9,
				F187CC4D7F1D0EAE95104F75,
				A8ED8242862C08F94D29558A,
				8C331C7ACC810127F12CEE78,
				72E41CCA72DC2113CAB58837,
			);
			runOnlyForDeploymentPostprocessing = 0;
		};
		9A1E47FAA98DFCD8644F575C = {
			isa = PBXNativeTarget;
			buildConfigurationList = B10C76958A4AC34BE8F87555;
			buildPhases = (
				42D9D5FC44D81E77B27FB477,
			);
			buildRules = ( );
			dependencies = ( );
			name = "AudioPluginDemo - Shared Code";
			productName = AudioPluginDemo;
			productReference = B295FD883F51334F5BF63F81;
			productType = "com.apple.product-type.library.static";
		};
		21A4B208792AB0EDD96D1A64 = {
			isa = PBXProject;
			buildConfigurationList = 360A1902AD110BBECEFD41A6;
			attributes = { LastUpgradeCheck = 1200; ORGANIZATIONNAME = "JUCE"; TargetAttributes = { C2F0DD81D85234A54488B38C = { SystemCapabilities = {com.apple.ApplicationGroups.iOS = { enabled = 0; }; com.apple.InAppPurchase = { enabled = 0; }; com.apple.InterAppAudio = { enabled = 0; }; com.apple.Push = { enabled = 0; }; com.apple.Sandbox = { enabled = 0; }; com.apple.HardenedRuntime = { enabled = 0; }; }; };85722A3DD68B1F5E66EC824E = { SystemCapabilities = {com.apple.ApplicationGroups.iOS = { enabled = 0; }; com.apple.InAppPurchase = { enabled = 0; }; com.apple.InterAppAudio = { enabled = 0; }; com.apple.Push = { enabled = 0; }; com.apple.Sandbox = { enabled = 0; }; com.apple.HardenedRuntime = { enabled = 0; }; }; };4782253988DE3D9A1B71C955 = { SystemCapabilities = {com.apple.ApplicationGroups.iOS = { enabled = 0; }; com.apple.InAppPurchase = { enabled = 0; }; com.apple.InterAppAudio = { enabled = 0; }; com.apple.Push = { enabled = 0; }; com.apple.Sandbox = { enabled = 0; }; com.apple.HardenedRuntime = { enabled = 0; }; }; };8B9EB94004CF57EFED1DF566 = { SystemCapabilities = {com.apple.ApplicationGroups.iOS = { enabled = 0; }; com.apple.InAppPurchase = { enabled = 0; }; com.apple.InterAppAudio = { enabled = 0; }; com.apple.Push = { enabled = 0; }; com.apple.Sandbox = { enabled = 1; }; com.apple.HardenedRuntime = { enabled = 0; }; }; };96FAB33732783FA221D43897 = { SystemCapabilities = {com.apple.ApplicationGroups.iOS = { enabled = 0; }; com.apple.InAppPurchase = { enabled = 0; }; com.apple.InterAppAudio = { enabled = 0; }; com.apple.Push = { enabled = 0; }; com.apple.Sandbox = { enabled = 0; }; com.apple.HardenedRuntime = { enabled = 0; }; }; };9A1E47FAA98DFCD8644F575C = { SystemCapabilities = {com.apple.ApplicationGroups.iOS = { enabled = 0; }; com.apple.InAppPurchase = { enabled = 0; }; com.apple.InterAppAudio = { enabled = 0; }; com.apple.Push = { enabled = 0; }; com.apple.Sandbox = { enabled = 0; }; com.apple.HardenedRuntime = { enabled = 0; }; }; }; }; };
			compatibilityVersion = "Xcode 3.2";
			hasScannedForEncodings = 0;
			mainGroup = B25B0C445AF6877181F72F38;
			projectDirPath = "";
			projectRoot = "";
			targets = (C2F0DD81D85234A54488B38C, 85722A3DD68B1F5E66EC824E, 4782253988DE3D9A1B71C955, 8B9EB94004CF57EFED1DF566, 96FAB33732783FA221D43897, 9A1E47FAA98DFCD8644F575C);
			knownRegions = (en, Base);
		};
	};
	rootObject = 21A4B208792AB0EDD96D1A64;
}
